// !$*UTF8*$!
{
	archiveVersion = 1;
	classes = {
	};
	objectVersion = 46;
	objects = {

/* Begin PBXBuildFile section */
		5632EE2216E4C9C7004AF896 /* Icons-Land-Weather-Ice.icns in Resources */ = {isa = PBXBuildFile; fileRef = 5632EE2116E4C9C7004AF896 /* Icons-Land-Weather-Ice.icns */; };
		56479D7617A17C4C00380EBD /* build-failure-unknown-phase.txt in Resources */ = {isa = PBXBuildFile; fileRef = 56479D7517A17C4C00380EBD /* build-failure-unknown-phase.txt */; };
		566A251917A993CC00C11A35 /* MBTaskRunnerDocument.xib in Resources */ = {isa = PBXBuildFile; fileRef = 566A251817A993CC00C11A35 /* MBTaskRunnerDocument.xib */; };
		5671D27D17AA8FC400D4E288 /* build-failure-non-parsable.txt in Resources */ = {isa = PBXBuildFile; fileRef = 5671D27C17AA8FC400D4E288 /* build-failure-non-parsable.txt */; };
		568DB44E17082A7300AC385F /* build-success.txt in Resources */ = {isa = PBXBuildFile; fileRef = 568DB44D17082A7300AC385F /* build-success.txt */; };
		568DB4511708622700AC385F /* MBMavenOutputParser.m in Sources */ = {isa = PBXBuildFile; fileRef = 568DB4501708622700AC385F /* MBMavenOutputParser.m */; };
		568DB454170887D900AC385F /* MBMavenOutputParserTests.m in Sources */ = {isa = PBXBuildFile; fileRef = 568DB453170887D900AC385F /* MBMavenOutputParserTests.m */; };
		568DB457170888BB00AC385F /* MBMavenOutputParserTestObserver.m in Sources */ = {isa = PBXBuildFile; fileRef = 568DB456170888BB00AC385F /* MBMavenOutputParserTestObserver.m */; };
		568DB4631709ABFE00AC385F /* MBTaskOutputReaderTests.m in Sources */ = {isa = PBXBuildFile; fileRef = 568DB4621709ABFE00AC385F /* MBTaskOutputReaderTests.m */; };
		569850651799E2C2002E8D3A /* MBMavenTaskExecutor.m in Sources */ = {isa = PBXBuildFile; fileRef = 569850641799E2C2002E8D3A /* MBMavenTaskExecutor.m */; };
		56A61EC817A69F4D00DE33B9 /* build-success-one-module.txt in Resources */ = {isa = PBXBuildFile; fileRef = 56A61EC717A69F4D00DE33B9 /* build-success-one-module.txt */; };
		56A61ECA17A6A2A900DE33B9 /* build-failure-no-project.txt in Resources */ = {isa = PBXBuildFile; fileRef = 56A61EC917A6A2A900DE33B9 /* build-failure-no-project.txt */; };
		56BE045717A120E40046C6F5 /* build-failure-no-pom.txt in Resources */ = {isa = PBXBuildFile; fileRef = 56BE045617A120E40046C6F5 /* build-failure-no-pom.txt */; };
		56C6289317103F7A00DF4E4F /* DDFileReader.m in Sources */ = {isa = PBXBuildFile; fileRef = 56C6289217103F7A00DF4E4F /* DDFileReader.m */; };
		56D21D3017BFC6520060A823 /* Images.xcassets in Resources */ = {isa = PBXBuildFile; fileRef = 56D21D2F17BFC6520060A823 /* Images.xcassets */; };
		56D21D9F17C0D5880060A823 /* MBTaskRunnerDocument.m in Sources */ = {isa = PBXBuildFile; fileRef = 56D21D9D17C0D5880060A823 /* MBTaskRunnerDocument.m */; };
		56D21DA317C0D8760060A823 /* MBTaskRunnerDocument.xcdatamodeld in Sources */ = {isa = PBXBuildFile; fileRef = 56D21DA117C0D8760060A823 /* MBTaskRunnerDocument.xcdatamodeld */; };
		56D21DA717C1003A0060A823 /* Task.m in Sources */ = {isa = PBXBuildFile; fileRef = 56D21DA617C1003A0060A823 /* Task.m */; };
		56D21DAA17C298190060A823 /* build-failure-no-java_home.txt in Resources */ = {isa = PBXBuildFile; fileRef = 56D21DA917C298190060A823 /* build-failure-no-java_home.txt */; };
		56F578E41794A5B1007E85A8 /* MBTaskRunnerWindowController.m in Sources */ = {isa = PBXBuildFile; fileRef = 56F578E31794A5B1007E85A8 /* MBTaskRunnerWindowController.m */; };
		56F578E817972AF9007E85A8 /* NSTask+MBTaskOutputParser.m in Sources */ = {isa = PBXBuildFile; fileRef = 56F578E717972AF9007E85A8 /* NSTask+MBTaskOutputParser.m */; };
		56FE8E85167BA1A70001AAED /* Cocoa.framework in Frameworks */ = {isa = PBXBuildFile; fileRef = 56FE8E84167BA1A70001AAED /* Cocoa.framework */; };
		56FE8E8F167BA1A70001AAED /* InfoPlist.strings in Resources */ = {isa = PBXBuildFile; fileRef = 56FE8E8D167BA1A70001AAED /* InfoPlist.strings */; };
		56FE8E91167BA1A70001AAED /* main.m in Sources */ = {isa = PBXBuildFile; fileRef = 56FE8E90167BA1A70001AAED /* main.m */; };
		56FE8E95167BA1A70001AAED /* Credits.rtf in Resources */ = {isa = PBXBuildFile; fileRef = 56FE8E93167BA1A70001AAED /* Credits.rtf */; };
		56FE8E98167BA1A70001AAED /* MBAppDelegate.m in Sources */ = {isa = PBXBuildFile; fileRef = 56FE8E97167BA1A70001AAED /* MBAppDelegate.m */; };
		56FE8E9B167BA1A70001AAED /* MainMenu.xib in Resources */ = {isa = PBXBuildFile; fileRef = 56FE8E99167BA1A70001AAED /* MainMenu.xib */; };
		56FE8EA7167BA1A80001AAED /* Cocoa.framework in Frameworks */ = {isa = PBXBuildFile; fileRef = 56FE8E84167BA1A70001AAED /* Cocoa.framework */; };
		56FE8EAF167BA1A80001AAED /* InfoPlist.strings in Resources */ = {isa = PBXBuildFile; fileRef = 56FE8EAD167BA1A80001AAED /* InfoPlist.strings */; };
/* End PBXBuildFile section */

/* Begin PBXContainerItemProxy section */
		56FE8EA8167BA1A80001AAED /* PBXContainerItemProxy */ = {
			isa = PBXContainerItemProxy;
			containerPortal = 56FE8E77167BA1A70001AAED /* Project object */;
			proxyType = 1;
			remoteGlobalIDString = 56FE8E7F167BA1A70001AAED;
			remoteInfo = IceCube;
		};
/* End PBXContainerItemProxy section */

/* Begin PBXFileReference section */
		3E5ACCC678554D0EAA5F4D2F /* libPods.a */ = {isa = PBXFileReference; explicitFileType = archive.ar; includeInIndex = 0; path = libPods.a; sourceTree = BUILT_PRODUCTS_DIR; };
		5632EE2116E4C9C7004AF896 /* Icons-Land-Weather-Ice.icns */ = {isa = PBXFileReference; lastKnownFileType = image.icns; name = "Icons-Land-Weather-Ice.icns"; path = "../Icons-Land-Weather-Ice.icns"; sourceTree = "<group>"; };
		56479D7517A17C4C00380EBD /* build-failure-unknown-phase.txt */ = {isa = PBXFileReference; fileEncoding = 4; lastKnownFileType = text; path = "build-failure-unknown-phase.txt"; sourceTree = "<group>"; };
		566A251817A993CC00C11A35 /* MBTaskRunnerDocument.xib */ = {isa = PBXFileReference; fileEncoding = 4; lastKnownFileType = file.xib; name = MBTaskRunnerDocument.xib; path = ../MBTaskRunnerDocument.xib; sourceTree = "<group>"; };
		5671D27C17AA8FC400D4E288 /* build-failure-non-parsable.txt */ = {isa = PBXFileReference; fileEncoding = 4; lastKnownFileType = text; path = "build-failure-non-parsable.txt"; sourceTree = "<group>"; };
		568DB44D17082A7300AC385F /* build-success.txt */ = {isa = PBXFileReference; fileEncoding = 4; lastKnownFileType = text; path = "build-success.txt"; sourceTree = "<group>"; };
		568DB44F1708622700AC385F /* MBMavenOutputParser.h */ = {isa = PBXFileReference; fileEncoding = 4; lastKnownFileType = sourcecode.c.h; path = MBMavenOutputParser.h; sourceTree = "<group>"; };
		568DB4501708622700AC385F /* MBMavenOutputParser.m */ = {isa = PBXFileReference; fileEncoding = 4; lastKnownFileType = sourcecode.c.objc; path = MBMavenOutputParser.m; sourceTree = "<group>"; };
		568DB452170887D900AC385F /* MBMavenOutputParserTests.h */ = {isa = PBXFileReference; fileEncoding = 4; lastKnownFileType = sourcecode.c.h; path = MBMavenOutputParserTests.h; sourceTree = "<group>"; };
		568DB453170887D900AC385F /* MBMavenOutputParserTests.m */ = {isa = PBXFileReference; fileEncoding = 4; lastKnownFileType = sourcecode.c.objc; path = MBMavenOutputParserTests.m; sourceTree = "<group>"; };
		568DB455170888BB00AC385F /* MBMavenOutputParserTestObserver.h */ = {isa = PBXFileReference; fileEncoding = 4; lastKnownFileType = sourcecode.c.h; path = MBMavenOutputParserTestObserver.h; sourceTree = "<group>"; };
		568DB456170888BB00AC385F /* MBMavenOutputParserTestObserver.m */ = {isa = PBXFileReference; fileEncoding = 4; lastKnownFileType = sourcecode.c.objc; path = MBMavenOutputParserTestObserver.m; sourceTree = "<group>"; };
		568DB4611709ABFD00AC385F /* MBTaskOutputReaderTests.h */ = {isa = PBXFileReference; fileEncoding = 4; lastKnownFileType = sourcecode.c.h; path = MBTaskOutputReaderTests.h; sourceTree = "<group>"; };
		568DB4621709ABFE00AC385F /* MBTaskOutputReaderTests.m */ = {isa = PBXFileReference; fileEncoding = 4; lastKnownFileType = sourcecode.c.objc; path = MBTaskOutputReaderTests.m; sourceTree = "<group>"; };
		569850621799283C002E8D3A /* MBTestAdditions.h */ = {isa = PBXFileReference; lastKnownFileType = sourcecode.c.h; path = MBTestAdditions.h; sourceTree = "<group>"; };
		569850631799E2C2002E8D3A /* MBMavenTaskExecutor.h */ = {isa = PBXFileReference; fileEncoding = 4; lastKnownFileType = sourcecode.c.h; path = MBMavenTaskExecutor.h; sourceTree = "<group>"; };
		569850641799E2C2002E8D3A /* MBMavenTaskExecutor.m */ = {isa = PBXFileReference; fileEncoding = 4; lastKnownFileType = sourcecode.c.objc; path = MBMavenTaskExecutor.m; sourceTree = "<group>"; };
		569E8930179DE20A006C5326 /* LICENSE */ = {isa = PBXFileReference; lastKnownFileType = text; path = LICENSE; sourceTree = "<group>"; };
		56A61EC717A69F4D00DE33B9 /* build-success-one-module.txt */ = {isa = PBXFileReference; fileEncoding = 4; lastKnownFileType = text; path = "build-success-one-module.txt"; sourceTree = "<group>"; };
		56A61EC917A6A2A900DE33B9 /* build-failure-no-project.txt */ = {isa = PBXFileReference; fileEncoding = 4; lastKnownFileType = text; path = "build-failure-no-project.txt"; sourceTree = "<group>"; };
		56AB1B8716E3BFB000831747 /* QuartzCore.framework */ = {isa = PBXFileReference; lastKnownFileType = wrapper.framework; name = QuartzCore.framework; path = System/Library/Frameworks/QuartzCore.framework; sourceTree = SDKROOT; };
		56AB1B8916E48B3300831747 /* README.md */ = {isa = PBXFileReference; lastKnownFileType = text; path = README.md; sourceTree = "<group>"; };
		56BE045617A120E40046C6F5 /* build-failure-no-pom.txt */ = {isa = PBXFileReference; fileEncoding = 4; lastKnownFileType = text; path = "build-failure-no-pom.txt"; sourceTree = "<group>"; };
		56C6289117103F7A00DF4E4F /* DDFileReader.h */ = {isa = PBXFileReference; fileEncoding = 4; lastKnownFileType = sourcecode.c.h; path = DDFileReader.h; sourceTree = "<group>"; };
		56C6289217103F7A00DF4E4F /* DDFileReader.m */ = {isa = PBXFileReference; fileEncoding = 4; lastKnownFileType = sourcecode.c.objc; path = DDFileReader.m; sourceTree = "<group>"; };
		56D21D2F17BFC6520060A823 /* Images.xcassets */ = {isa = PBXFileReference; lastKnownFileType = folder.assetcatalog; path = Images.xcassets; sourceTree = "<group>"; };
		56D21D9C17C0D5880060A823 /* MBTaskRunnerDocument.h */ = {isa = PBXFileReference; fileEncoding = 4; lastKnownFileType = sourcecode.c.h; path = MBTaskRunnerDocument.h; sourceTree = "<group>"; };
		56D21D9D17C0D5880060A823 /* MBTaskRunnerDocument.m */ = {isa = PBXFileReference; fileEncoding = 4; lastKnownFileType = sourcecode.c.objc; path = MBTaskRunnerDocument.m; sourceTree = "<group>"; };
		56D21DA217C0D8760060A823 /* MBTaskRunnerDocument.xcdatamodel */ = {isa = PBXFileReference; lastKnownFileType = wrapper.xcdatamodel; path = MBTaskRunnerDocument.xcdatamodel; sourceTree = "<group>"; };
		56D21DA517C1003A0060A823 /* Task.h */ = {isa = PBXFileReference; fileEncoding = 4; lastKnownFileType = sourcecode.c.h; path = Task.h; sourceTree = "<group>"; };
		56D21DA617C1003A0060A823 /* Task.m */ = {isa = PBXFileReference; fileEncoding = 4; lastKnownFileType = sourcecode.c.objc; path = Task.m; sourceTree = "<group>"; };
		56D21DA917C298190060A823 /* build-failure-no-java_home.txt */ = {isa = PBXFileReference; fileEncoding = 4; lastKnownFileType = text; path = "build-failure-no-java_home.txt"; sourceTree = "<group>"; };
		56F578E21794A5B1007E85A8 /* MBTaskRunnerWindowController.h */ = {isa = PBXFileReference; fileEncoding = 4; lastKnownFileType = sourcecode.c.h; path = MBTaskRunnerWindowController.h; sourceTree = "<group>"; };
		56F578E31794A5B1007E85A8 /* MBTaskRunnerWindowController.m */ = {isa = PBXFileReference; fileEncoding = 4; lastKnownFileType = sourcecode.c.objc; path = MBTaskRunnerWindowController.m; sourceTree = "<group>"; };
		56F578E617972AF9007E85A8 /* NSTask+MBTaskOutputParser.h */ = {isa = PBXFileReference; fileEncoding = 4; lastKnownFileType = sourcecode.c.h; path = "NSTask+MBTaskOutputParser.h"; sourceTree = "<group>"; };
		56F578E717972AF9007E85A8 /* NSTask+MBTaskOutputParser.m */ = {isa = PBXFileReference; fileEncoding = 4; lastKnownFileType = sourcecode.c.objc; path = "NSTask+MBTaskOutputParser.m"; sourceTree = "<group>"; };
		56F578E9179745B1007E85A8 /* MBMavenOutputParserDelegate.h */ = {isa = PBXFileReference; lastKnownFileType = sourcecode.c.h; path = MBMavenOutputParserDelegate.h; sourceTree = "<group>"; };
		56FE8E80167BA1A70001AAED /* IceCube.app */ = {isa = PBXFileReference; explicitFileType = wrapper.application; includeInIndex = 0; path = IceCube.app; sourceTree = BUILT_PRODUCTS_DIR; };
		56FE8E84167BA1A70001AAED /* Cocoa.framework */ = {isa = PBXFileReference; lastKnownFileType = wrapper.framework; name = Cocoa.framework; path = System/Library/Frameworks/Cocoa.framework; sourceTree = SDKROOT; };
		56FE8E87167BA1A70001AAED /* AppKit.framework */ = {isa = PBXFileReference; lastKnownFileType = wrapper.framework; name = AppKit.framework; path = System/Library/Frameworks/AppKit.framework; sourceTree = SDKROOT; };
		56FE8E88167BA1A70001AAED /* CoreData.framework */ = {isa = PBXFileReference; lastKnownFileType = wrapper.framework; name = CoreData.framework; path = System/Library/Frameworks/CoreData.framework; sourceTree = SDKROOT; };
		56FE8E89167BA1A70001AAED /* Foundation.framework */ = {isa = PBXFileReference; lastKnownFileType = wrapper.framework; name = Foundation.framework; path = System/Library/Frameworks/Foundation.framework; sourceTree = SDKROOT; };
		56FE8E8C167BA1A70001AAED /* IceCube-Info.plist */ = {isa = PBXFileReference; lastKnownFileType = text.plist.xml; path = "IceCube-Info.plist"; sourceTree = "<group>"; };
		56FE8E8E167BA1A70001AAED /* en */ = {isa = PBXFileReference; lastKnownFileType = text.plist.strings; name = en; path = en.lproj/InfoPlist.strings; sourceTree = "<group>"; };
		56FE8E90167BA1A70001AAED /* main.m */ = {isa = PBXFileReference; lastKnownFileType = sourcecode.c.objc; path = main.m; sourceTree = "<group>"; };
		56FE8E92167BA1A70001AAED /* IceCube-Prefix.pch */ = {isa = PBXFileReference; lastKnownFileType = sourcecode.c.h; path = "IceCube-Prefix.pch"; sourceTree = "<group>"; };
		56FE8E94167BA1A70001AAED /* en */ = {isa = PBXFileReference; lastKnownFileType = text.rtf; name = en; path = en.lproj/Credits.rtf; sourceTree = "<group>"; };
		56FE8E96167BA1A70001AAED /* MBAppDelegate.h */ = {isa = PBXFileReference; lastKnownFileType = sourcecode.c.h; path = MBAppDelegate.h; sourceTree = "<group>"; };
		56FE8E97167BA1A70001AAED /* MBAppDelegate.m */ = {isa = PBXFileReference; lastKnownFileType = sourcecode.c.objc; path = MBAppDelegate.m; sourceTree = "<group>"; };
		56FE8E9A167BA1A70001AAED /* en */ = {isa = PBXFileReference; lastKnownFileType = file.xib; name = en; path = en.lproj/MainMenu.xib; sourceTree = "<group>"; };
		56FE8EA4167BA1A80001AAED /* IceCubeTests.xctest */ = {isa = PBXFileReference; explicitFileType = wrapper.cfbundle; includeInIndex = 0; path = IceCubeTests.xctest; sourceTree = BUILT_PRODUCTS_DIR; };
		56FE8EAC167BA1A80001AAED /* IceCubeTests-Info.plist */ = {isa = PBXFileReference; lastKnownFileType = text.plist.xml; path = "IceCubeTests-Info.plist"; sourceTree = "<group>"; };
		56FE8EAE167BA1A80001AAED /* en */ = {isa = PBXFileReference; lastKnownFileType = text.plist.strings; name = en; path = en.lproj/InfoPlist.strings; sourceTree = "<group>"; };
/* End PBXFileReference section */

/* Begin PBXFrameworksBuildPhase section */
		56FE8E7D167BA1A70001AAED /* Frameworks */ = {
			isa = PBXFrameworksBuildPhase;
			buildActionMask = 2147483647;
			files = (
				56FE8E85167BA1A70001AAED /* Cocoa.framework in Frameworks */,
			);
			runOnlyForDeploymentPostprocessing = 0;
		};
		56FE8EA0167BA1A80001AAED /* Frameworks */ = {
			isa = PBXFrameworksBuildPhase;
			buildActionMask = 2147483647;
			files = (
				56FE8EA7167BA1A80001AAED /* Cocoa.framework in Frameworks */,
			);
			runOnlyForDeploymentPostprocessing = 0;
		};
/* End PBXFrameworksBuildPhase section */

/* Begin PBXGroup section */
		564B6B1917073F3A00DDA689 /* Parser */ = {
			isa = PBXGroup;
			children = (
				56F578E9179745B1007E85A8 /* MBMavenOutputParserDelegate.h */,
				568DB44F1708622700AC385F /* MBMavenOutputParser.h */,
				568DB4501708622700AC385F /* MBMavenOutputParser.m */,
			);
			path = Parser;
			sourceTree = "<group>";
		};
		56A61EC317A2B50F00DE33B9 /* Task executor */ = {
			isa = PBXGroup;
			children = (
				56F578E617972AF9007E85A8 /* NSTask+MBTaskOutputParser.h */,
				56F578E717972AF9007E85A8 /* NSTask+MBTaskOutputParser.m */,
				569850631799E2C2002E8D3A /* MBMavenTaskExecutor.h */,
				569850641799E2C2002E8D3A /* MBMavenTaskExecutor.m */,
			);
			name = "Task executor";
			path = Parser;
			sourceTree = "<group>";
		};
		56D21DA817C1004C0060A823 /* Model */ = {
			isa = PBXGroup;
			children = (
				56D21DA517C1003A0060A823 /* Task.h */,
				56D21DA617C1003A0060A823 /* Task.m */,
			);
			name = Model;
			sourceTree = "<group>";
		};
		56F578E11794A584007E85A8 /* Task runner window */ = {
			isa = PBXGroup;
			children = (
				56F578E21794A5B1007E85A8 /* MBTaskRunnerWindowController.h */,
				56F578E31794A5B1007E85A8 /* MBTaskRunnerWindowController.m */,
				56D21D9C17C0D5880060A823 /* MBTaskRunnerDocument.h */,
				56D21D9D17C0D5880060A823 /* MBTaskRunnerDocument.m */,
				566A251817A993CC00C11A35 /* MBTaskRunnerDocument.xib */,
				56D21DA117C0D8760060A823 /* MBTaskRunnerDocument.xcdatamodeld */,
				56D21DA817C1004C0060A823 /* Model */,
			);
			name = "Task runner window";
			path = Controllers;
			sourceTree = "<group>";
		};
		56F578EA1797E4F9007E85A8 /* Utilities */ = {
			isa = PBXGroup;
			children = (
				56C6289117103F7A00DF4E4F /* DDFileReader.h */,
				56C6289217103F7A00DF4E4F /* DDFileReader.m */,
			);
			name = Utilities;
			sourceTree = "<group>";
		};
		56F578EB1797E513007E85A8 /* Output parser tests */ = {
			isa = PBXGroup;
			children = (
				568DB452170887D900AC385F /* MBMavenOutputParserTests.h */,
				568DB453170887D900AC385F /* MBMavenOutputParserTests.m */,
				568DB455170888BB00AC385F /* MBMavenOutputParserTestObserver.h */,
				568DB456170888BB00AC385F /* MBMavenOutputParserTestObserver.m */,
			);
			name = "Output parser tests";
			sourceTree = "<group>";
		};
		56FE8E75167BA1A70001AAED = {
			isa = PBXGroup;
			children = (
				56FE8E8A167BA1A70001AAED /* IceCube */,
				56FE8EAA167BA1A80001AAED /* IceCubeTests */,
				56FE8E83167BA1A70001AAED /* Frameworks */,
				56FE8E81167BA1A70001AAED /* Products */,
				569E8930179DE20A006C5326 /* LICENSE */,
				56AB1B8916E48B3300831747 /* README.md */,
			);
			sourceTree = "<group>";
		};
		56FE8E81167BA1A70001AAED /* Products */ = {
			isa = PBXGroup;
			children = (
				56FE8E80167BA1A70001AAED /* IceCube.app */,
				56FE8EA4167BA1A80001AAED /* IceCubeTests.xctest */,
			);
			name = Products;
			sourceTree = "<group>";
		};
		56FE8E83167BA1A70001AAED /* Frameworks */ = {
			isa = PBXGroup;
			children = (
				56FE8E84167BA1A70001AAED /* Cocoa.framework */,
				56AB1B8716E3BFB000831747 /* QuartzCore.framework */,
				56FE8E86167BA1A70001AAED /* Other Frameworks */,
				3E5ACCC678554D0EAA5F4D2F /* libPods.a */,
			);
			name = Frameworks;
			sourceTree = "<group>";
		};
		56FE8E86167BA1A70001AAED /* Other Frameworks */ = {
			isa = PBXGroup;
			children = (
				56FE8E87167BA1A70001AAED /* AppKit.framework */,
				56FE8E88167BA1A70001AAED /* CoreData.framework */,
				56FE8E89167BA1A70001AAED /* Foundation.framework */,
			);
			name = "Other Frameworks";
			sourceTree = "<group>";
		};
		56FE8E8A167BA1A70001AAED /* IceCube */ = {
			isa = PBXGroup;
			children = (
				56FE8E96167BA1A70001AAED /* MBAppDelegate.h */,
				56FE8E97167BA1A70001AAED /* MBAppDelegate.m */,
				56FE8E99167BA1A70001AAED /* MainMenu.xib */,
				56D21D2F17BFC6520060A823 /* Images.xcassets */,
				56F578E11794A584007E85A8 /* Task runner window */,
				564B6B1917073F3A00DDA689 /* Parser */,
				56A61EC317A2B50F00DE33B9 /* Task executor */,
				56FE8E8B167BA1A70001AAED /* Supporting Files */,
			);
			path = IceCube;
			sourceTree = "<group>";
		};
		56FE8E8B167BA1A70001AAED /* Supporting Files */ = {
			isa = PBXGroup;
			children = (
				5632EE2116E4C9C7004AF896 /* Icons-Land-Weather-Ice.icns */,
				56FE8E8C167BA1A70001AAED /* IceCube-Info.plist */,
				56FE8E8D167BA1A70001AAED /* InfoPlist.strings */,
				56FE8E90167BA1A70001AAED /* main.m */,
				56FE8E92167BA1A70001AAED /* IceCube-Prefix.pch */,
				56FE8E93167BA1A70001AAED /* Credits.rtf */,
			);
			name = "Supporting Files";
			sourceTree = "<group>";
		};
		56FE8EAA167BA1A80001AAED /* IceCubeTests */ = {
			isa = PBXGroup;
			children = (
				569850621799283C002E8D3A /* MBTestAdditions.h */,
				568DB4611709ABFD00AC385F /* MBTaskOutputReaderTests.h */,
				568DB4621709ABFE00AC385F /* MBTaskOutputReaderTests.m */,
				56F578EB1797E513007E85A8 /* Output parser tests */,
				56F578EA1797E4F9007E85A8 /* Utilities */,
				56FE8EAB167BA1A80001AAED /* Supporting Files */,
			);
			path = IceCubeTests;
			sourceTree = "<group>";
		};
		56FE8EAB167BA1A80001AAED /* Supporting Files */ = {
			isa = PBXGroup;
			children = (
				568DB44D17082A7300AC385F /* build-success.txt */,
				56A61EC717A69F4D00DE33B9 /* build-success-one-module.txt */,
				56BE045617A120E40046C6F5 /* build-failure-no-pom.txt */,
				56A61EC917A6A2A900DE33B9 /* build-failure-no-project.txt */,
				5671D27C17AA8FC400D4E288 /* build-failure-non-parsable.txt */,
				56479D7517A17C4C00380EBD /* build-failure-unknown-phase.txt */,
				56D21DA917C298190060A823 /* build-failure-no-java_home.txt */,
				56FE8EAC167BA1A80001AAED /* IceCubeTests-Info.plist */,
				56FE8EAD167BA1A80001AAED /* InfoPlist.strings */,
			);
			name = "Supporting Files";
			sourceTree = "<group>";
		};
/* End PBXGroup section */

/* Begin PBXNativeTarget section */
		56FE8E7F167BA1A70001AAED /* IceCube */ = {
			isa = PBXNativeTarget;
			buildConfigurationList = 56FE8EB5167BA1A80001AAED /* Build configuration list for PBXNativeTarget "IceCube" */;
			buildPhases = (
				56FE8E7C167BA1A70001AAED /* Sources */,
				56FE8E7D167BA1A70001AAED /* Frameworks */,
				56FE8E7E167BA1A70001AAED /* Resources */,
			);
			buildRules = (
			);
			dependencies = (
			);
			name = IceCube;
			productName = IceCube;
			productReference = 56FE8E80167BA1A70001AAED /* IceCube.app */;
			productType = "com.apple.product-type.application";
		};
		56FE8EA3167BA1A80001AAED /* IceCubeTests */ = {
			isa = PBXNativeTarget;
			buildConfigurationList = 56FE8EB8167BA1A80001AAED /* Build configuration list for PBXNativeTarget "IceCubeTests" */;
			buildPhases = (
				56FE8E9F167BA1A80001AAED /* Sources */,
				56FE8EA0167BA1A80001AAED /* Frameworks */,
				56FE8EA1167BA1A80001AAED /* Resources */,
				56FE8EA2167BA1A80001AAED /* ShellScript */,
			);
			buildRules = (
			);
			dependencies = (
				56FE8EA9167BA1A80001AAED /* PBXTargetDependency */,
			);
			name = IceCubeTests;
			productName = IceCubeTests;
			productReference = 56FE8EA4167BA1A80001AAED /* IceCubeTests.xctest */;
			productType = "com.apple.product-type.bundle.unit-test";
		};
/* End PBXNativeTarget section */

/* Begin PBXProject section */
		56FE8E77167BA1A70001AAED /* Project object */ = {
			isa = PBXProject;
			attributes = {
				CLASSPREFIX = MB;
				LastUpgradeCheck = 0500;
				ORGANIZATIONNAME = "Marian Bouček";
				TargetAttributes = {
					56FE8E7F167BA1A70001AAED = {
						DevelopmentTeam = 72CQ273HEW;
					};
				};
			};
			buildConfigurationList = 56FE8E7A167BA1A70001AAED /* Build configuration list for PBXProject "IceCube" */;
			compatibilityVersion = "Xcode 3.2";
			developmentRegion = English;
			hasScannedForEncodings = 0;
			knownRegions = (
				en,
			);
			mainGroup = 56FE8E75167BA1A70001AAED;
			productRefGroup = 56FE8E81167BA1A70001AAED /* Products */;
			projectDirPath = "";
			projectRoot = "";
			targets = (
				56FE8E7F167BA1A70001AAED /* IceCube */,
				56FE8EA3167BA1A80001AAED /* IceCubeTests */,
			);
		};
/* End PBXProject section */

/* Begin PBXResourcesBuildPhase section */
		56FE8E7E167BA1A70001AAED /* Resources */ = {
			isa = PBXResourcesBuildPhase;
			buildActionMask = 2147483647;
			files = (
				56FE8E8F167BA1A70001AAED /* InfoPlist.strings in Resources */,
				566A251917A993CC00C11A35 /* MBTaskRunnerDocument.xib in Resources */,
				56FE8E95167BA1A70001AAED /* Credits.rtf in Resources */,
				56D21D3017BFC6520060A823 /* Images.xcassets in Resources */,
				56FE8E9B167BA1A70001AAED /* MainMenu.xib in Resources */,
				5632EE2216E4C9C7004AF896 /* Icons-Land-Weather-Ice.icns in Resources */,
			);
			runOnlyForDeploymentPostprocessing = 0;
		};
		56FE8EA1167BA1A80001AAED /* Resources */ = {
			isa = PBXResourcesBuildPhase;
			buildActionMask = 2147483647;
			files = (
				56FE8EAF167BA1A80001AAED /* InfoPlist.strings in Resources */,
				56479D7617A17C4C00380EBD /* build-failure-unknown-phase.txt in Resources */,
				56D21DAA17C298190060A823 /* build-failure-no-java_home.txt in Resources */,
				56BE045717A120E40046C6F5 /* build-failure-no-pom.txt in Resources */,
				5671D27D17AA8FC400D4E288 /* build-failure-non-parsable.txt in Resources */,
				56A61ECA17A6A2A900DE33B9 /* build-failure-no-project.txt in Resources */,
				56A61EC817A69F4D00DE33B9 /* build-success-one-module.txt in Resources */,
				568DB44E17082A7300AC385F /* build-success.txt in Resources */,
			);
			runOnlyForDeploymentPostprocessing = 0;
		};
/* End PBXResourcesBuildPhase section */

/* Begin PBXShellScriptBuildPhase section */
		56FE8EA2167BA1A80001AAED /* ShellScript */ = {
			isa = PBXShellScriptBuildPhase;
			buildActionMask = 2147483647;
			files = (
			);
			inputPaths = (
			);
			outputPaths = (
			);
			runOnlyForDeploymentPostprocessing = 0;
			shellPath = /bin/sh;
			shellScript = "# Run the unit tests in this test bundle.\n\"${SYSTEM_DEVELOPER_DIR}/Tools/RunUnitTests\"\n";
		};
/* End PBXShellScriptBuildPhase section */

/* Begin PBXSourcesBuildPhase section */
		56FE8E7C167BA1A70001AAED /* Sources */ = {
			isa = PBXSourcesBuildPhase;
			buildActionMask = 2147483647;
			files = (
				56D21D9F17C0D5880060A823 /* MBTaskRunnerDocument.m in Sources */,
				56FE8E91167BA1A70001AAED /* main.m in Sources */,
				56FE8E98167BA1A70001AAED /* MBAppDelegate.m in Sources */,
				56F578E41794A5B1007E85A8 /* MBTaskRunnerWindowController.m in Sources */,
				56D21DA317C0D8760060A823 /* MBTaskRunnerDocument.xcdatamodeld in Sources */,
				568DB4511708622700AC385F /* MBMavenOutputParser.m in Sources */,
				569850651799E2C2002E8D3A /* MBMavenTaskExecutor.m in Sources */,
				56D21DA717C1003A0060A823 /* Task.m in Sources */,
				56F578E817972AF9007E85A8 /* NSTask+MBTaskOutputParser.m in Sources */,
			);
			runOnlyForDeploymentPostprocessing = 0;
		};
		56FE8E9F167BA1A80001AAED /* Sources */ = {
			isa = PBXSourcesBuildPhase;
			buildActionMask = 2147483647;
			files = (
				568DB454170887D900AC385F /* MBMavenOutputParserTests.m in Sources */,
				568DB457170888BB00AC385F /* MBMavenOutputParserTestObserver.m in Sources */,
				568DB4631709ABFE00AC385F /* MBTaskOutputReaderTests.m in Sources */,
				56C6289317103F7A00DF4E4F /* DDFileReader.m in Sources */,
			);
			runOnlyForDeploymentPostprocessing = 0;
		};
/* End PBXSourcesBuildPhase section */

/* Begin PBXTargetDependency section */
		56FE8EA9167BA1A80001AAED /* PBXTargetDependency */ = {
			isa = PBXTargetDependency;
			target = 56FE8E7F167BA1A70001AAED /* IceCube */;
			targetProxy = 56FE8EA8167BA1A80001AAED /* PBXContainerItemProxy */;
		};
/* End PBXTargetDependency section */

/* Begin PBXVariantGroup section */
		56FE8E8D167BA1A70001AAED /* InfoPlist.strings */ = {
			isa = PBXVariantGroup;
			children = (
				56FE8E8E167BA1A70001AAED /* en */,
			);
			name = InfoPlist.strings;
			sourceTree = "<group>";
		};
		56FE8E93167BA1A70001AAED /* Credits.rtf */ = {
			isa = PBXVariantGroup;
			children = (
				56FE8E94167BA1A70001AAED /* en */,
			);
			name = Credits.rtf;
			sourceTree = "<group>";
		};
		56FE8E99167BA1A70001AAED /* MainMenu.xib */ = {
			isa = PBXVariantGroup;
			children = (
				56FE8E9A167BA1A70001AAED /* en */,
			);
			name = MainMenu.xib;
			sourceTree = "<group>";
		};
		56FE8EAD167BA1A80001AAED /* InfoPlist.strings */ = {
			isa = PBXVariantGroup;
			children = (
				56FE8EAE167BA1A80001AAED /* en */,
			);
			name = InfoPlist.strings;
			sourceTree = "<group>";
		};
/* End PBXVariantGroup section */

/* Begin XCBuildConfiguration section */
		56FE8EB3167BA1A80001AAED /* Debug */ = {
			isa = XCBuildConfiguration;
			buildSettings = {
				ALWAYS_SEARCH_USER_PATHS = NO;
				CLANG_CXX_LANGUAGE_STANDARD = "gnu++0x";
				CLANG_CXX_LIBRARY = "libc++";
				CLANG_ENABLE_OBJC_ARC = YES;
				CLANG_WARN_EMPTY_BODY = YES;
				CLANG_WARN__DUPLICATE_METHOD_MATCH = YES;
				COPY_PHASE_STRIP = NO;
				GCC_C_LANGUAGE_STANDARD = gnu99;
				GCC_DYNAMIC_NO_PIC = NO;
				GCC_ENABLE_OBJC_EXCEPTIONS = YES;
				GCC_OPTIMIZATION_LEVEL = 0;
				GCC_PREPROCESSOR_DEFINITIONS = (
					"DEBUG=1",
					"$(inherited)",
				);
				GCC_SYMBOLS_PRIVATE_EXTERN = NO;
				GCC_WARN_64_TO_32_BIT_CONVERSION = YES;
				GCC_WARN_ABOUT_RETURN_TYPE = YES;
				GCC_WARN_UNINITIALIZED_AUTOS = YES;
				GCC_WARN_UNUSED_VARIABLE = YES;
				MACOSX_DEPLOYMENT_TARGET = 10.8;
				ONLY_ACTIVE_ARCH = YES;
				SDKROOT = macosx;
			};
			name = Debug;
		};
		56FE8EB4167BA1A80001AAED /* Release */ = {
			isa = XCBuildConfiguration;
			buildSettings = {
				ALWAYS_SEARCH_USER_PATHS = NO;
				CLANG_CXX_LANGUAGE_STANDARD = "gnu++0x";
				CLANG_CXX_LIBRARY = "libc++";
				CLANG_ENABLE_OBJC_ARC = YES;
				CLANG_WARN_EMPTY_BODY = YES;
				CLANG_WARN__DUPLICATE_METHOD_MATCH = YES;
				COPY_PHASE_STRIP = YES;
				DEBUG_INFORMATION_FORMAT = "dwarf-with-dsym";
				GCC_C_LANGUAGE_STANDARD = gnu99;
				GCC_ENABLE_OBJC_EXCEPTIONS = YES;
				GCC_WARN_64_TO_32_BIT_CONVERSION = YES;
				GCC_WARN_ABOUT_RETURN_TYPE = YES;
				GCC_WARN_UNINITIALIZED_AUTOS = YES;
				GCC_WARN_UNUSED_VARIABLE = YES;
				MACOSX_DEPLOYMENT_TARGET = 10.8;
				SDKROOT = macosx;
			};
			name = Release;
		};
		56FE8EB6167BA1A80001AAED /* Debug */ = {
			isa = XCBuildConfiguration;
			buildSettings = {
				ASSETCATALOG_COMPILER_APPICON_NAME = AppIcon;
				CLANG_ENABLE_MODULES = YES;
				COMBINE_HIDPI_IMAGES = YES;
				GCC_PRECOMPILE_PREFIX_HEADER = YES;
				GCC_PREFIX_HEADER = "IceCube/IceCube-Prefix.pch";
				INFOPLIST_FILE = "IceCube/IceCube-Info.plist";
				MACOSX_DEPLOYMENT_TARGET = 10.9;
				PRODUCT_NAME = "$(TARGET_NAME)";
				WRAPPER_EXTENSION = app;
			};
			name = Debug;
		};
		56FE8EB7167BA1A80001AAED /* Release */ = {
			isa = XCBuildConfiguration;
			buildSettings = {
				ASSETCATALOG_COMPILER_APPICON_NAME = AppIcon;
				CLANG_ENABLE_MODULES = YES;
				COMBINE_HIDPI_IMAGES = YES;
				ENABLE_NS_ASSERTIONS = NO;
				GCC_PRECOMPILE_PREFIX_HEADER = YES;
				GCC_PREFIX_HEADER = "IceCube/IceCube-Prefix.pch";
				INFOPLIST_FILE = "IceCube/IceCube-Info.plist";
				MACOSX_DEPLOYMENT_TARGET = 10.9;
				PRODUCT_NAME = "$(TARGET_NAME)";
				WRAPPER_EXTENSION = app;
			};
			name = Release;
		};
		56FE8EB9167BA1A80001AAED /* Debug */ = {
			isa = XCBuildConfiguration;
			buildSettings = {
				BUNDLE_LOADER = "$(BUILT_PRODUCTS_DIR)/IceCube.app/Contents/MacOS/IceCube";
				COMBINE_HIDPI_IMAGES = YES;
				GCC_PRECOMPILE_PREFIX_HEADER = YES;
				GCC_PREFIX_HEADER = "IceCube/IceCube-Prefix.pch";
				INFOPLIST_FILE = "IceCubeTests/IceCubeTests-Info.plist";
				PRODUCT_NAME = "$(TARGET_NAME)";
				TEST_HOST = "$(BUNDLE_LOADER)";
			};
			name = Debug;
		};
		56FE8EBA167BA1A80001AAED /* Release */ = {
			isa = XCBuildConfiguration;
			buildSettings = {
				BUNDLE_LOADER = "$(BUILT_PRODUCTS_DIR)/IceCube.app/Contents/MacOS/IceCube";
				COMBINE_HIDPI_IMAGES = YES;
				GCC_PRECOMPILE_PREFIX_HEADER = YES;
				GCC_PREFIX_HEADER = "IceCube/IceCube-Prefix.pch";
				INFOPLIST_FILE = "IceCubeTests/IceCubeTests-Info.plist";
				PRODUCT_NAME = "$(TARGET_NAME)";
				TEST_HOST = "$(BUNDLE_LOADER)";
			};
			name = Release;
		};
/* End XCBuildConfiguration section */

/* Begin XCConfigurationList section */
		56FE8E7A167BA1A70001AAED /* Build configuration list for PBXProject "IceCube" */ = {
			isa = XCConfigurationList;
			buildConfigurations = (
				56FE8EB3167BA1A80001AAED /* Debug */,
				56FE8EB4167BA1A80001AAED /* Release */,
			);
			defaultConfigurationIsVisible = 0;
			defaultConfigurationName = Release;
		};
		56FE8EB5167BA1A80001AAED /* Build configuration list for PBXNativeTarget "IceCube" */ = {
			isa = XCConfigurationList;
			buildConfigurations = (
				56FE8EB6167BA1A80001AAED /* Debug */,
				56FE8EB7167BA1A80001AAED /* Release */,
			);
			defaultConfigurationIsVisible = 0;
			defaultConfigurationName = Release;
		};
		56FE8EB8167BA1A80001AAED /* Build configuration list for PBXNativeTarget "IceCubeTests" */ = {
			isa = XCConfigurationList;
			buildConfigurations = (
				56FE8EB9167BA1A80001AAED /* Debug */,
				56FE8EBA167BA1A80001AAED /* Release */,
			);
			defaultConfigurationIsVisible = 0;
			defaultConfigurationName = Release;
		};
/* End XCConfigurationList section */

/* Begin XCVersionGroup section */
		56D21DA117C0D8760060A823 /* MBTaskRunnerDocument.xcdatamodeld */ = {
			isa = XCVersionGroup;
			children = (
				56D21DA217C0D8760060A823 /* MBTaskRunnerDocument.xcdatamodel */,
			);
			currentVersion = 56D21DA217C0D8760060A823 /* MBTaskRunnerDocument.xcdatamodel */;
			path = MBTaskRunnerDocument.xcdatamodeld;
			sourceTree = "<group>";
			versionGroupType = wrapper.xcdatamodel;
		};
/* End XCVersionGroup section */
	};
	rootObject = 56FE8E77167BA1A70001AAED /* Project object */;
}
