// !$*UTF8*$!
{
	archiveVersion = 1;
	classes = {
	};
	objectVersion = 46;
	objects = {

/* Begin PBXBuildFile section */
		560E703917EF35DA004BC832 /* cz.boucekm.JavaHomeService.xpc in CopyFiles */ = {isa = PBXBuildFile; fileRef = 56F6300417EF34AA004DC92E /* cz.boucekm.JavaHomeService.xpc */; settings = {ATTRIBUTES = (CodeSignOnCopy, ); }; };
		560E703C17EF4010004BC832 /* MBJavaHomeServiceTask.m in Sources */ = {isa = PBXBuildFile; fileRef = 560E703B17EF4010004BC832 /* MBJavaHomeServiceTask.m */; };
		5619AEA31E9E26EC0003A224 /* Localizable.strings in Resources */ = {isa = PBXBuildFile; fileRef = 5619AEA51E9E26EC0003A224 /* Localizable.strings */; };
		5619AEA91E9E27F00003A224 /* Localizable.strings in Resources */ = {isa = PBXBuildFile; fileRef = 5619AEAB1E9E27F00003A224 /* Localizable.strings */; };
		5619AEAF1E9E285B0003A224 /* Localizable.strings in Resources */ = {isa = PBXBuildFile; fileRef = 5619AEB11E9E285B0003A224 /* Localizable.strings */; };
		562738641E9E4A7700075A86 /* InfoPlist.strings in Resources */ = {isa = PBXBuildFile; fileRef = 562738661E9E4A7700075A86 /* InfoPlist.strings */; };
		564E05A91E96CFF1008E4F1C /* IceCubeSpotlight.mdimporter in CopyFiles */ = {isa = PBXBuildFile; fileRef = 56ADBB6F1E959967003471B4 /* IceCubeSpotlight.mdimporter */; settings = {ATTRIBUTES = (CodeSignOnCopy, RemoveHeadersOnCopy, ); }; };
		564E05AC1E96DADE008E4F1C /* MBSpotlightImporter.m in Sources */ = {isa = PBXBuildFile; fileRef = 564E05AB1E96DADE008E4F1C /* MBSpotlightImporter.m */; };
		564FB49217F1C62F000380F3 /* build-failure-no-java_home.txt in Resources */ = {isa = PBXBuildFile; fileRef = 564FB48317F1C62F000380F3 /* build-failure-no-java_home.txt */; };
		564FB49317F1C62F000380F3 /* build-failure-no-pom.txt in Resources */ = {isa = PBXBuildFile; fileRef = 564FB48417F1C62F000380F3 /* build-failure-no-pom.txt */; };
		564FB49417F1C62F000380F3 /* build-failure-no-project.txt in Resources */ = {isa = PBXBuildFile; fileRef = 564FB48517F1C62F000380F3 /* build-failure-no-project.txt */; };
		564FB49517F1C62F000380F3 /* build-failure-non-parsable.txt in Resources */ = {isa = PBXBuildFile; fileRef = 564FB48617F1C62F000380F3 /* build-failure-non-parsable.txt */; };
		564FB49617F1C630000380F3 /* build-failure-unknown-phase.txt in Resources */ = {isa = PBXBuildFile; fileRef = 564FB48717F1C62F000380F3 /* build-failure-unknown-phase.txt */; };
		564FB49717F1C630000380F3 /* build-success-one-module.txt in Resources */ = {isa = PBXBuildFile; fileRef = 564FB48817F1C62F000380F3 /* build-success-one-module.txt */; };
		564FB49817F1C630000380F3 /* build-success.txt in Resources */ = {isa = PBXBuildFile; fileRef = 564FB48917F1C62F000380F3 /* build-success.txt */; };
		564FB49917F1C630000380F3 /* DDFileReader.m in Sources */ = {isa = PBXBuildFile; fileRef = 564FB48B17F1C62F000380F3 /* DDFileReader.m */; };
		564FB49A17F1C630000380F3 /* MBMavenOutputParserTestObserver.m in Sources */ = {isa = PBXBuildFile; fileRef = 564FB48E17F1C62F000380F3 /* MBMavenOutputParserTestObserver.m */; };
		564FB49B17F1C630000380F3 /* MBMavenOutputParserTests.m in Sources */ = {isa = PBXBuildFile; fileRef = 564FB48F17F1C62F000380F3 /* MBMavenOutputParserTests.m */; };
		564FB4A217F1C72E000380F3 /* MBMavenOutputParser.m in Sources */ = {isa = PBXBuildFile; fileRef = 564FB4A117F1C72E000380F3 /* MBMavenOutputParser.m */; };
		565332C71E9F82FF009206CC /* MBRecoveryAttempter.m in Sources */ = {isa = PBXBuildFile; fileRef = 565332C61E9F82FF009206CC /* MBRecoveryAttempter.m */; };
		565332CA1E9F978C009206CC /* Localizable.strings in Resources */ = {isa = PBXBuildFile; fileRef = 565332CC1E9F978C009206CC /* Localizable.strings */; };
		566C78081E9D2CD0006DD355 /* IceCube.help in Resources */ = {isa = PBXBuildFile; fileRef = 566C78071E9D2B8A006DD355 /* IceCube.help */; };
		568C673917EB7D630095785D /* Foundation.framework in Frameworks */ = {isa = PBXBuildFile; fileRef = 568C673817EB7D630095785D /* Foundation.framework */; };
		568C673F17EB7D630095785D /* InfoPlist.strings in Resources */ = {isa = PBXBuildFile; fileRef = 568C673D17EB7D630095785D /* InfoPlist.strings */; };
		568C674217EB7D630095785D /* main.m in Sources */ = {isa = PBXBuildFile; fileRef = 568C674117EB7D630095785D /* main.m */; };
		568C674717EB7E5B0095785D /* cz.boucekm.MavenService.xpc in CopyFiles */ = {isa = PBXBuildFile; fileRef = 568C673717EB7D630095785D /* cz.boucekm.MavenService.xpc */; settings = {ATTRIBUTES = (CodeSignOnCopy, ); }; };
		568C675117EC688D0095785D /* MBMavenServiceTask.m in Sources */ = {isa = PBXBuildFile; fileRef = 568C675017EC688D0095785D /* MBMavenServiceTask.m */; };
		56ADBB731E959967003471B4 /* main.c in Sources */ = {isa = PBXBuildFile; fileRef = 56ADBB721E959967003471B4 /* main.c */; };
		56ADBB751E959967003471B4 /* GetMetadataForFile.m in Sources */ = {isa = PBXBuildFile; fileRef = 56ADBB741E959967003471B4 /* GetMetadataForFile.m */; };
		56D21D3017BFC6520060A823 /* Images.xcassets in Resources */ = {isa = PBXBuildFile; fileRef = 56D21D2F17BFC6520060A823 /* Images.xcassets */; };
		56D21D9F17C0D5880060A823 /* MBTaskRunnerDocument.m in Sources */ = {isa = PBXBuildFile; fileRef = 56D21D9D17C0D5880060A823 /* MBTaskRunnerDocument.m */; };
		56D470FA19D36B4B00B0798A /* MBTaskRunnerDocument.xib in Resources */ = {isa = PBXBuildFile; fileRef = 56D470FC19D36B4B00B0798A /* MBTaskRunnerDocument.xib */; };
		56D470FD19D36B5400B0798A /* MBPreferencesWindowController.xib in Resources */ = {isa = PBXBuildFile; fileRef = 56D470FF19D36B5400B0798A /* MBPreferencesWindowController.xib */; };
		56E16B281E92F64B00FEE789 /* IceCubeAction.m in Sources */ = {isa = PBXBuildFile; fileRef = 56E16B271E92F64B00FEE789 /* IceCubeAction.m */; };
		56E16B2B1E92F64B00FEE789 /* main.xib in Resources */ = {isa = PBXBuildFile; fileRef = 56E16B291E92F64B00FEE789 /* main.xib */; };
		56E16B2F1E92F64B00FEE789 /* InfoPlist.strings in Resources */ = {isa = PBXBuildFile; fileRef = 56E16B2D1E92F64B00FEE789 /* InfoPlist.strings */; };
		56E16B361E92F7A700FEE789 /* IceCubeAction.action in CopyFiles */ = {isa = PBXBuildFile; fileRef = 56E16B241E92F64B00FEE789 /* IceCubeAction.action */; settings = {ATTRIBUTES = (CodeSignOnCopy, RemoveHeadersOnCopy, ); }; };
		56EB935819D74AE500988FD9 /* IceCube.sdef in Resources */ = {isa = PBXBuildFile; fileRef = 56EB935619D74AE500988FD9 /* IceCube.sdef */; };
		56EB935C19D74D3200988FD9 /* MBApplication.m in Sources */ = {isa = PBXBuildFile; fileRef = 56EB935B19D74D3200988FD9 /* MBApplication.m */; };
		56F578E41794A5B1007E85A8 /* MBTaskRunnerWindowController.m in Sources */ = {isa = PBXBuildFile; fileRef = 56F578E31794A5B1007E85A8 /* MBTaskRunnerWindowController.m */; };
		56F62FFE17EF23F8004DC92E /* MBPreferencesWindowController.m in Sources */ = {isa = PBXBuildFile; fileRef = 56F62FFC17EF23F8004DC92E /* MBPreferencesWindowController.m */; };
		56F6300517EF34AA004DC92E /* Foundation.framework in Frameworks */ = {isa = PBXBuildFile; fileRef = 568C673817EB7D630095785D /* Foundation.framework */; };
		56F6300B17EF34AA004DC92E /* InfoPlist.strings in Resources */ = {isa = PBXBuildFile; fileRef = 56F6300917EF34AA004DC92E /* InfoPlist.strings */; };
		56F6300E17EF34AA004DC92E /* main.m in Sources */ = {isa = PBXBuildFile; fileRef = 56F6300D17EF34AA004DC92E /* main.m */; };
		56FE8E85167BA1A70001AAED /* Cocoa.framework in Frameworks */ = {isa = PBXBuildFile; fileRef = 56FE8E84167BA1A70001AAED /* Cocoa.framework */; };
		56FE8E91167BA1A70001AAED /* main.m in Sources */ = {isa = PBXBuildFile; fileRef = 56FE8E90167BA1A70001AAED /* main.m */; };
		56FE8E95167BA1A70001AAED /* Credits.rtf in Resources */ = {isa = PBXBuildFile; fileRef = 56FE8E93167BA1A70001AAED /* Credits.rtf */; };
		56FE8E98167BA1A70001AAED /* MBAppDelegate.m in Sources */ = {isa = PBXBuildFile; fileRef = 56FE8E97167BA1A70001AAED /* MBAppDelegate.m */; };
		56FE8E9B167BA1A70001AAED /* MainMenu.xib in Resources */ = {isa = PBXBuildFile; fileRef = 56FE8E99167BA1A70001AAED /* MainMenu.xib */; };
		56FE8EA7167BA1A80001AAED /* Cocoa.framework in Frameworks */ = {isa = PBXBuildFile; fileRef = 56FE8E84167BA1A70001AAED /* Cocoa.framework */; };
/* End PBXBuildFile section */

/* Begin PBXContainerItemProxy section */
		560E703717EF35AE004BC832 /* PBXContainerItemProxy */ = {
			isa = PBXContainerItemProxy;
			containerPortal = 56FE8E77167BA1A70001AAED /* Project object */;
			proxyType = 1;
			remoteGlobalIDString = 56F6300317EF34AA004DC92E;
			remoteInfo = JavaHomeService;
		};
		5627938D19573AA1003F0C5B /* PBXContainerItemProxy */ = {
			isa = PBXContainerItemProxy;
			containerPortal = 56FE8E77167BA1A70001AAED /* Project object */;
			proxyType = 1;
			remoteGlobalIDString = 56FE8E7F167BA1A70001AAED;
			remoteInfo = IceCube;
		};
		568C674817EB7E750095785D /* PBXContainerItemProxy */ = {
			isa = PBXContainerItemProxy;
			containerPortal = 56FE8E77167BA1A70001AAED /* Project object */;
			proxyType = 1;
			remoteGlobalIDString = 568C673617EB7D630095785D;
			remoteInfo = MavenService;
		};
		56ADBB7B1E959968003471B4 /* PBXContainerItemProxy */ = {
			isa = PBXContainerItemProxy;
			containerPortal = 56FE8E77167BA1A70001AAED /* Project object */;
			proxyType = 1;
			remoteGlobalIDString = 56ADBB6E1E959967003471B4;
			remoteInfo = IceCubeSpotlight;
		};
		56E16B331E92F75300FEE789 /* PBXContainerItemProxy */ = {
			isa = PBXContainerItemProxy;
			containerPortal = 56FE8E77167BA1A70001AAED /* Project object */;
			proxyType = 1;
			remoteGlobalIDString = 56E16B231E92F64B00FEE789;
			remoteInfo = IceCubeAction;
		};
		56FE8EA8167BA1A80001AAED /* PBXContainerItemProxy */ = {
			isa = PBXContainerItemProxy;
			containerPortal = 56FE8E77167BA1A70001AAED /* Project object */;
			proxyType = 1;
			remoteGlobalIDString = 56FE8E7F167BA1A70001AAED;
			remoteInfo = IceCube;
		};
/* End PBXContainerItemProxy section */

/* Begin PBXCopyFilesBuildPhase section */
		564E05A81E96CFDD008E4F1C /* CopyFiles */ = {
			isa = PBXCopyFilesBuildPhase;
			buildActionMask = 2147483647;
			dstPath = ../Library/Spotlight;
			dstSubfolderSpec = 7;
			files = (
				564E05A91E96CFF1008E4F1C /* IceCubeSpotlight.mdimporter in CopyFiles */,
			);
			runOnlyForDeploymentPostprocessing = 0;
		};
		568C674617EB7E2A0095785D /* CopyFiles */ = {
			isa = PBXCopyFilesBuildPhase;
			buildActionMask = 2147483647;
			dstPath = "$(CONTENTS_FOLDER_PATH)/XPCServices";
			dstSubfolderSpec = 16;
			files = (
				560E703917EF35DA004BC832 /* cz.boucekm.JavaHomeService.xpc in CopyFiles */,
				568C674717EB7E5B0095785D /* cz.boucekm.MavenService.xpc in CopyFiles */,
			);
			runOnlyForDeploymentPostprocessing = 0;
		};
		56E16B351E92F78800FEE789 /* CopyFiles */ = {
			isa = PBXCopyFilesBuildPhase;
			buildActionMask = 2147483647;
			dstPath = ../Library/Automator;
			dstSubfolderSpec = 7;
			files = (
				56E16B361E92F7A700FEE789 /* IceCubeAction.action in CopyFiles */,
			);
			runOnlyForDeploymentPostprocessing = 0;
		};
/* End PBXCopyFilesBuildPhase section */

/* Begin PBXFileReference section */
		560E703A17EF4010004BC832 /* MBJavaHomeServiceTask.h */ = {isa = PBXFileReference; fileEncoding = 4; lastKnownFileType = sourcecode.c.h; path = MBJavaHomeServiceTask.h; sourceTree = "<group>"; };
		560E703B17EF4010004BC832 /* MBJavaHomeServiceTask.m */ = {isa = PBXFileReference; fileEncoding = 4; lastKnownFileType = sourcecode.c.objc; path = MBJavaHomeServiceTask.m; sourceTree = "<group>"; };
		560E703D17EF43FE004BC832 /* MBJavaHomeService.h */ = {isa = PBXFileReference; lastKnownFileType = sourcecode.c.h; path = MBJavaHomeService.h; sourceTree = "<group>"; };
		5619AEA41E9E26EC0003A224 /* en */ = {isa = PBXFileReference; fileEncoding = 10; lastKnownFileType = text.plist.strings; name = en; path = en.lproj/Localizable.strings; sourceTree = "<group>"; };
		5619AEA61E9E26F40003A224 /* cs */ = {isa = PBXFileReference; fileEncoding = 10; lastKnownFileType = text.plist.strings; name = cs; path = cs.lproj/Localizable.strings; sourceTree = "<group>"; };
		5619AEAA1E9E27F00003A224 /* en */ = {isa = PBXFileReference; fileEncoding = 10; lastKnownFileType = text.plist.strings; name = en; path = en.lproj/Localizable.strings; sourceTree = "<group>"; };
		5619AEAC1E9E27F30003A224 /* cs */ = {isa = PBXFileReference; fileEncoding = 10; lastKnownFileType = text.plist.strings; name = cs; path = cs.lproj/Localizable.strings; sourceTree = "<group>"; };
		5619AEB01E9E285B0003A224 /* en */ = {isa = PBXFileReference; fileEncoding = 10; lastKnownFileType = text.plist.strings; name = en; path = en.lproj/Localizable.strings; sourceTree = "<group>"; };
		5619AEB21E9E285E0003A224 /* cs */ = {isa = PBXFileReference; fileEncoding = 10; lastKnownFileType = text.plist.strings; name = cs; path = cs.lproj/Localizable.strings; sourceTree = "<group>"; };
		5619AEB81E9E34F30003A224 /* cs */ = {isa = PBXFileReference; lastKnownFileType = text.plist.strings; name = cs; path = cs.lproj/MBPreferencesWindowController.strings; sourceTree = "<group>"; };
		5619AEBA1E9E3B020003A224 /* cs */ = {isa = PBXFileReference; lastKnownFileType = text.plist.strings; name = cs; path = cs.lproj/MBTaskRunnerDocument.strings; sourceTree = "<group>"; };
		5619AEBC1E9E3C0D0003A224 /* cs */ = {isa = PBXFileReference; lastKnownFileType = text.plist.strings; name = cs; path = cs.lproj/MainMenu.strings; sourceTree = "<group>"; };
		5619AEBD1E9E3CCF0003A224 /* Base */ = {isa = PBXFileReference; lastKnownFileType = file.xib; name = Base; path = Base.lproj/MainMenu.xib; sourceTree = "<group>"; };
		562738671E9E4A7A00075A86 /* cs */ = {isa = PBXFileReference; lastKnownFileType = text.plist.strings; name = cs; path = cs.lproj/InfoPlist.strings; sourceTree = "<group>"; };
		562738681E9E4B3D00075A86 /* en */ = {isa = PBXFileReference; lastKnownFileType = text.plist.strings; name = en; path = en.lproj/InfoPlist.strings; sourceTree = "<group>"; };
		564E05AA1E96DADE008E4F1C /* MBSpotlightImporter.h */ = {isa = PBXFileReference; fileEncoding = 4; lastKnownFileType = sourcecode.c.h; path = MBSpotlightImporter.h; sourceTree = "<group>"; };
		564E05AB1E96DADE008E4F1C /* MBSpotlightImporter.m */ = {isa = PBXFileReference; fileEncoding = 4; lastKnownFileType = sourcecode.c.objc; path = MBSpotlightImporter.m; sourceTree = "<group>"; };
		564FB48317F1C62F000380F3 /* build-failure-no-java_home.txt */ = {isa = PBXFileReference; fileEncoding = 4; lastKnownFileType = text; path = "build-failure-no-java_home.txt"; sourceTree = "<group>"; };
		564FB48417F1C62F000380F3 /* build-failure-no-pom.txt */ = {isa = PBXFileReference; fileEncoding = 4; lastKnownFileType = text; path = "build-failure-no-pom.txt"; sourceTree = "<group>"; };
		564FB48517F1C62F000380F3 /* build-failure-no-project.txt */ = {isa = PBXFileReference; fileEncoding = 4; lastKnownFileType = text; path = "build-failure-no-project.txt"; sourceTree = "<group>"; };
		564FB48617F1C62F000380F3 /* build-failure-non-parsable.txt */ = {isa = PBXFileReference; fileEncoding = 4; lastKnownFileType = text; path = "build-failure-non-parsable.txt"; sourceTree = "<group>"; };
		564FB48717F1C62F000380F3 /* build-failure-unknown-phase.txt */ = {isa = PBXFileReference; fileEncoding = 4; lastKnownFileType = text; path = "build-failure-unknown-phase.txt"; sourceTree = "<group>"; };
		564FB48817F1C62F000380F3 /* build-success-one-module.txt */ = {isa = PBXFileReference; fileEncoding = 4; lastKnownFileType = text; path = "build-success-one-module.txt"; sourceTree = "<group>"; };
		564FB48917F1C62F000380F3 /* build-success.txt */ = {isa = PBXFileReference; fileEncoding = 4; lastKnownFileType = text; path = "build-success.txt"; sourceTree = "<group>"; };
		564FB48A17F1C62F000380F3 /* DDFileReader.h */ = {isa = PBXFileReference; fileEncoding = 4; lastKnownFileType = sourcecode.c.h; path = DDFileReader.h; sourceTree = "<group>"; };
		564FB48B17F1C62F000380F3 /* DDFileReader.m */ = {isa = PBXFileReference; fileEncoding = 4; lastKnownFileType = sourcecode.c.objc; path = DDFileReader.m; sourceTree = "<group>"; };
		564FB48D17F1C62F000380F3 /* MBMavenOutputParserTestObserver.h */ = {isa = PBXFileReference; fileEncoding = 4; lastKnownFileType = sourcecode.c.h; path = MBMavenOutputParserTestObserver.h; sourceTree = "<group>"; };
		564FB48E17F1C62F000380F3 /* MBMavenOutputParserTestObserver.m */ = {isa = PBXFileReference; fileEncoding = 4; lastKnownFileType = sourcecode.c.objc; path = MBMavenOutputParserTestObserver.m; sourceTree = "<group>"; };
		564FB48F17F1C62F000380F3 /* MBMavenOutputParserTests.m */ = {isa = PBXFileReference; fileEncoding = 4; lastKnownFileType = sourcecode.c.objc; path = MBMavenOutputParserTests.m; sourceTree = "<group>"; };
		564FB49117F1C62F000380F3 /* MBTestAdditions.h */ = {isa = PBXFileReference; fileEncoding = 4; lastKnownFileType = sourcecode.c.h; path = MBTestAdditions.h; sourceTree = "<group>"; };
		564FB4A017F1C72E000380F3 /* MBMavenOutputParser.h */ = {isa = PBXFileReference; fileEncoding = 4; lastKnownFileType = sourcecode.c.h; path = MBMavenOutputParser.h; sourceTree = "<group>"; };
		564FB4A117F1C72E000380F3 /* MBMavenOutputParser.m */ = {isa = PBXFileReference; fileEncoding = 4; lastKnownFileType = sourcecode.c.objc; path = MBMavenOutputParser.m; sourceTree = "<group>"; };
		564FB4A317F1C931000380F3 /* MBMavenParserDelegate.h */ = {isa = PBXFileReference; lastKnownFileType = sourcecode.c.h; path = MBMavenParserDelegate.h; sourceTree = "<group>"; };
		565332C51E9F82FF009206CC /* MBRecoveryAttempter.h */ = {isa = PBXFileReference; fileEncoding = 4; lastKnownFileType = sourcecode.c.h; path = MBRecoveryAttempter.h; sourceTree = "<group>"; };
		565332C61E9F82FF009206CC /* MBRecoveryAttempter.m */ = {isa = PBXFileReference; fileEncoding = 4; lastKnownFileType = sourcecode.c.objc; path = MBRecoveryAttempter.m; sourceTree = "<group>"; };
		565332CB1E9F978C009206CC /* en */ = {isa = PBXFileReference; fileEncoding = 10; lastKnownFileType = text.plist.strings; name = en; path = en.lproj/Localizable.strings; sourceTree = "<group>"; };
		565332CD1E9F978E009206CC /* cs */ = {isa = PBXFileReference; fileEncoding = 10; lastKnownFileType = text.plist.strings; name = cs; path = cs.lproj/Localizable.strings; sourceTree = "<group>"; };
		565332CE1E9F9C5A009206CC /* cs */ = {isa = PBXFileReference; lastKnownFileType = text.plist.strings; name = cs; path = cs.lproj/InfoPlist.strings; sourceTree = "<group>"; };
		565332CF1E9FA050009206CC /* en */ = {isa = PBXFileReference; lastKnownFileType = text.plist.strings; name = en; path = en.lproj/InfoPlist.strings; sourceTree = "<group>"; };
		565332D31E9FA2B6009206CC /* cs */ = {isa = PBXFileReference; lastKnownFileType = text.plist.strings; name = cs; path = cs.lproj/main.strings; sourceTree = "<group>"; };
		56630A1917ECC067005A2BEC /* XCTest.framework */ = {isa = PBXFileReference; lastKnownFileType = wrapper.framework; name = XCTest.framework; path = Library/Frameworks/XCTest.framework; sourceTree = DEVELOPER_DIR; };
		566C78071E9D2B8A006DD355 /* IceCube.help */ = {isa = PBXFileReference; explicitFileType = wrapper.application; path = IceCube.help; sourceTree = "<group>"; };
		568C673717EB7D630095785D /* cz.boucekm.MavenService.xpc */ = {isa = PBXFileReference; explicitFileType = wrapper.cfbundle; includeInIndex = 0; path = cz.boucekm.MavenService.xpc; sourceTree = BUILT_PRODUCTS_DIR; };
		568C673817EB7D630095785D /* Foundation.framework */ = {isa = PBXFileReference; lastKnownFileType = wrapper.framework; name = Foundation.framework; path = System/Library/Frameworks/Foundation.framework; sourceTree = SDKROOT; };
		568C673C17EB7D630095785D /* MavenService-Info.plist */ = {isa = PBXFileReference; lastKnownFileType = text.plist.xml; path = "MavenService-Info.plist"; sourceTree = "<group>"; };
		568C673E17EB7D630095785D /* en */ = {isa = PBXFileReference; lastKnownFileType = text.plist.strings; name = en; path = en.lproj/InfoPlist.strings; sourceTree = "<group>"; };
		568C674017EB7D630095785D /* MavenService-Prefix.pch */ = {isa = PBXFileReference; lastKnownFileType = sourcecode.c.h; path = "MavenService-Prefix.pch"; sourceTree = "<group>"; };
		568C674117EB7D630095785D /* main.m */ = {isa = PBXFileReference; lastKnownFileType = sourcecode.c.objc; path = main.m; sourceTree = "<group>"; };
		568C674D17EB86280095785D /* MBMavenService.h */ = {isa = PBXFileReference; lastKnownFileType = sourcecode.c.h; path = MBMavenService.h; sourceTree = "<group>"; };
		568C674E17EB86CB0095785D /* MBMavenServiceCallback.h */ = {isa = PBXFileReference; lastKnownFileType = sourcecode.c.h; path = MBMavenServiceCallback.h; sourceTree = "<group>"; };
		568C674F17EC688D0095785D /* MBMavenServiceTask.h */ = {isa = PBXFileReference; fileEncoding = 4; lastKnownFileType = sourcecode.c.h; path = MBMavenServiceTask.h; sourceTree = "<group>"; };
		568C675017EC688D0095785D /* MBMavenServiceTask.m */ = {isa = PBXFileReference; fileEncoding = 4; lastKnownFileType = sourcecode.c.objc; path = MBMavenServiceTask.m; sourceTree = "<group>"; };
		569E8930179DE20A006C5326 /* LICENSE */ = {isa = PBXFileReference; lastKnownFileType = text; path = LICENSE; sourceTree = "<group>"; };
		56AB1B8716E3BFB000831747 /* QuartzCore.framework */ = {isa = PBXFileReference; lastKnownFileType = wrapper.framework; name = QuartzCore.framework; path = System/Library/Frameworks/QuartzCore.framework; sourceTree = SDKROOT; };
		56AB1B8916E48B3300831747 /* README.md */ = {isa = PBXFileReference; lastKnownFileType = text; path = README.md; sourceTree = "<group>"; };
		56ADBB6F1E959967003471B4 /* IceCubeSpotlight.mdimporter */ = {isa = PBXFileReference; explicitFileType = "wrapper.spotlight-importer"; includeInIndex = 0; path = IceCubeSpotlight.mdimporter; sourceTree = BUILT_PRODUCTS_DIR; };
		56ADBB721E959967003471B4 /* main.c */ = {isa = PBXFileReference; lastKnownFileType = sourcecode.c.c; path = main.c; sourceTree = "<group>"; };
		56ADBB741E959967003471B4 /* GetMetadataForFile.m */ = {isa = PBXFileReference; lastKnownFileType = sourcecode.c.objc; path = GetMetadataForFile.m; sourceTree = "<group>"; };
		56ADBB7A1E959968003471B4 /* Info.plist */ = {isa = PBXFileReference; lastKnownFileType = text.plist.xml; path = Info.plist; sourceTree = "<group>"; };
		56D21D2F17BFC6520060A823 /* Images.xcassets */ = {isa = PBXFileReference; lastKnownFileType = folder.assetcatalog; path = Images.xcassets; sourceTree = "<group>"; };
		56D21D9C17C0D5880060A823 /* MBTaskRunnerDocument.h */ = {isa = PBXFileReference; fileEncoding = 4; lastKnownFileType = sourcecode.c.h; path = MBTaskRunnerDocument.h; sourceTree = "<group>"; };
		56D21D9D17C0D5880060A823 /* MBTaskRunnerDocument.m */ = {isa = PBXFileReference; fileEncoding = 4; lastKnownFileType = sourcecode.c.objc; path = MBTaskRunnerDocument.m; sourceTree = "<group>"; };
		56D4710019D36CB600B0798A /* Base */ = {isa = PBXFileReference; lastKnownFileType = file.xib; name = Base; path = Base.lproj/MBTaskRunnerDocument.xib; sourceTree = "<group>"; };
		56D4710119D36CB600B0798A /* Base */ = {isa = PBXFileReference; lastKnownFileType = file.xib; name = Base; path = Base.lproj/MBPreferencesWindowController.xib; sourceTree = "<group>"; };
		56D4710519D36CF400B0798A /* cs */ = {isa = PBXFileReference; lastKnownFileType = text.rtf; name = cs; path = cs.lproj/Credits.rtf; sourceTree = "<group>"; };
		56E16B241E92F64B00FEE789 /* IceCubeAction.action */ = {isa = PBXFileReference; explicitFileType = wrapper.cfbundle; includeInIndex = 0; path = IceCubeAction.action; sourceTree = BUILT_PRODUCTS_DIR; };
		56E16B261E92F64B00FEE789 /* IceCubeAction.h */ = {isa = PBXFileReference; lastKnownFileType = sourcecode.c.h; path = IceCubeAction.h; sourceTree = "<group>"; };
		56E16B271E92F64B00FEE789 /* IceCubeAction.m */ = {isa = PBXFileReference; lastKnownFileType = sourcecode.c.objc; path = IceCubeAction.m; sourceTree = "<group>"; };
		56E16B2A1E92F64B00FEE789 /* Base */ = {isa = PBXFileReference; lastKnownFileType = file.xib; name = Base; path = Base.lproj/main.xib; sourceTree = "<group>"; };
		56E16B2C1E92F64B00FEE789 /* Info.plist */ = {isa = PBXFileReference; lastKnownFileType = text.plist.xml; path = Info.plist; sourceTree = "<group>"; };
		56EB935619D74AE500988FD9 /* IceCube.sdef */ = {isa = PBXFileReference; fileEncoding = 4; lastKnownFileType = text; path = IceCube.sdef; sourceTree = "<group>"; };
		56EB935A19D74D3200988FD9 /* MBApplication.h */ = {isa = PBXFileReference; fileEncoding = 4; lastKnownFileType = sourcecode.c.h; path = MBApplication.h; sourceTree = "<group>"; };
		56EB935B19D74D3200988FD9 /* MBApplication.m */ = {isa = PBXFileReference; fileEncoding = 4; lastKnownFileType = sourcecode.c.objc; path = MBApplication.m; sourceTree = "<group>"; };
		56F1E1C61E9961A1009A9541 /* MBErrorDomain.h */ = {isa = PBXFileReference; lastKnownFileType = sourcecode.c.h; path = MBErrorDomain.h; sourceTree = "<group>"; };
		56F578E21794A5B1007E85A8 /* MBTaskRunnerWindowController.h */ = {isa = PBXFileReference; fileEncoding = 4; lastKnownFileType = sourcecode.c.h; path = MBTaskRunnerWindowController.h; sourceTree = "<group>"; };
		56F578E31794A5B1007E85A8 /* MBTaskRunnerWindowController.m */ = {isa = PBXFileReference; fileEncoding = 4; lastKnownFileType = sourcecode.c.objc; path = MBTaskRunnerWindowController.m; sourceTree = "<group>"; };
		56F62FFB17EF23F8004DC92E /* MBPreferencesWindowController.h */ = {isa = PBXFileReference; fileEncoding = 4; lastKnownFileType = sourcecode.c.h; path = MBPreferencesWindowController.h; sourceTree = "<group>"; };
		56F62FFC17EF23F8004DC92E /* MBPreferencesWindowController.m */ = {isa = PBXFileReference; fileEncoding = 4; lastKnownFileType = sourcecode.c.objc; path = MBPreferencesWindowController.m; sourceTree = "<group>"; };
		56F6300417EF34AA004DC92E /* cz.boucekm.JavaHomeService.xpc */ = {isa = PBXFileReference; explicitFileType = wrapper.cfbundle; includeInIndex = 0; path = cz.boucekm.JavaHomeService.xpc; sourceTree = BUILT_PRODUCTS_DIR; };
		56F6300817EF34AA004DC92E /* JavaHomeService-Info.plist */ = {isa = PBXFileReference; lastKnownFileType = text.plist.xml; path = "JavaHomeService-Info.plist"; sourceTree = "<group>"; };
		56F6300A17EF34AA004DC92E /* en */ = {isa = PBXFileReference; lastKnownFileType = text.plist.strings; name = en; path = en.lproj/InfoPlist.strings; sourceTree = "<group>"; };
		56F6300C17EF34AA004DC92E /* JavaHomeService-Prefix.pch */ = {isa = PBXFileReference; lastKnownFileType = sourcecode.c.h; path = "JavaHomeService-Prefix.pch"; sourceTree = "<group>"; };
		56F6300D17EF34AA004DC92E /* main.m */ = {isa = PBXFileReference; lastKnownFileType = sourcecode.c.objc; path = main.m; sourceTree = "<group>"; };
		56FE8E80167BA1A70001AAED /* IceCube.app */ = {isa = PBXFileReference; explicitFileType = wrapper.application; includeInIndex = 0; path = IceCube.app; sourceTree = BUILT_PRODUCTS_DIR; };
		56FE8E84167BA1A70001AAED /* Cocoa.framework */ = {isa = PBXFileReference; lastKnownFileType = wrapper.framework; name = Cocoa.framework; path = System/Library/Frameworks/Cocoa.framework; sourceTree = SDKROOT; };
		56FE8E87167BA1A70001AAED /* AppKit.framework */ = {isa = PBXFileReference; lastKnownFileType = wrapper.framework; name = AppKit.framework; path = System/Library/Frameworks/AppKit.framework; sourceTree = SDKROOT; };
		56FE8E88167BA1A70001AAED /* CoreData.framework */ = {isa = PBXFileReference; lastKnownFileType = wrapper.framework; name = CoreData.framework; path = System/Library/Frameworks/CoreData.framework; sourceTree = SDKROOT; };
		56FE8E89167BA1A70001AAED /* Foundation.framework */ = {isa = PBXFileReference; lastKnownFileType = wrapper.framework; name = Foundation.framework; path = System/Library/Frameworks/Foundation.framework; sourceTree = SDKROOT; };
		56FE8E8C167BA1A70001AAED /* IceCube-Info.plist */ = {isa = PBXFileReference; lastKnownFileType = text.plist.xml; path = "IceCube-Info.plist"; sourceTree = "<group>"; };
		56FE8E90167BA1A70001AAED /* main.m */ = {isa = PBXFileReference; lastKnownFileType = sourcecode.c.objc; path = main.m; sourceTree = "<group>"; };
		56FE8E92167BA1A70001AAED /* IceCube-Prefix.pch */ = {isa = PBXFileReference; lastKnownFileType = sourcecode.c.h; path = "IceCube-Prefix.pch"; sourceTree = "<group>"; };
		56FE8E94167BA1A70001AAED /* en */ = {isa = PBXFileReference; lastKnownFileType = text.rtf; name = en; path = en.lproj/Credits.rtf; sourceTree = "<group>"; };
		56FE8E96167BA1A70001AAED /* MBAppDelegate.h */ = {isa = PBXFileReference; lastKnownFileType = sourcecode.c.h; path = MBAppDelegate.h; sourceTree = "<group>"; };
		56FE8E97167BA1A70001AAED /* MBAppDelegate.m */ = {isa = PBXFileReference; lastKnownFileType = sourcecode.c.objc; path = MBAppDelegate.m; sourceTree = "<group>"; };
		56FE8EA4167BA1A80001AAED /* IceCubeTests.xctest */ = {isa = PBXFileReference; explicitFileType = wrapper.cfbundle; includeInIndex = 0; path = IceCubeTests.xctest; sourceTree = BUILT_PRODUCTS_DIR; };
		56FE8EAC167BA1A80001AAED /* IceCubeTests-Info.plist */ = {isa = PBXFileReference; lastKnownFileType = text.plist.xml; path = "IceCubeTests-Info.plist"; sourceTree = "<group>"; };
/* End PBXFileReference section */

/* Begin PBXFrameworksBuildPhase section */
		568C673417EB7D630095785D /* Frameworks */ = {
			isa = PBXFrameworksBuildPhase;
			buildActionMask = 2147483647;
			files = (
				568C673917EB7D630095785D /* Foundation.framework in Frameworks */,
			);
			runOnlyForDeploymentPostprocessing = 0;
		};
		56ADBB6C1E959967003471B4 /* Frameworks */ = {
			isa = PBXFrameworksBuildPhase;
			buildActionMask = 2147483647;
			files = (
			);
			runOnlyForDeploymentPostprocessing = 0;
		};
		56E16B201E92F64B00FEE789 /* Frameworks */ = {
			isa = PBXFrameworksBuildPhase;
			buildActionMask = 2147483647;
			files = (
			);
			runOnlyForDeploymentPostprocessing = 0;
		};
		56F6300117EF34AA004DC92E /* Frameworks */ = {
			isa = PBXFrameworksBuildPhase;
			buildActionMask = 2147483647;
			files = (
				56F6300517EF34AA004DC92E /* Foundation.framework in Frameworks */,
			);
			runOnlyForDeploymentPostprocessing = 0;
		};
		56FE8E7D167BA1A70001AAED /* Frameworks */ = {
			isa = PBXFrameworksBuildPhase;
			buildActionMask = 2147483647;
			files = (
				56FE8E85167BA1A70001AAED /* Cocoa.framework in Frameworks */,
			);
			runOnlyForDeploymentPostprocessing = 0;
		};
		56FE8EA0167BA1A80001AAED /* Frameworks */ = {
			isa = PBXFrameworksBuildPhase;
			buildActionMask = 2147483647;
			files = (
				56FE8EA7167BA1A80001AAED /* Cocoa.framework in Frameworks */,
			);
			runOnlyForDeploymentPostprocessing = 0;
		};
/* End PBXFrameworksBuildPhase section */

/* Begin PBXGroup section */
		564FB49E17F1C66C000380F3 /* Utilities */ = {
			isa = PBXGroup;
			children = (
				564FB48A17F1C62F000380F3 /* DDFileReader.h */,
				564FB48B17F1C62F000380F3 /* DDFileReader.m */,
				564FB48D17F1C62F000380F3 /* MBMavenOutputParserTestObserver.h */,
				564FB48E17F1C62F000380F3 /* MBMavenOutputParserTestObserver.m */,
			);
			name = Utilities;
			sourceTree = "<group>";
		};
		564FB49F17F1C70E000380F3 /* Parser */ = {
			isa = PBXGroup;
			children = (
				564FB4A317F1C931000380F3 /* MBMavenParserDelegate.h */,
				564FB4A017F1C72E000380F3 /* MBMavenOutputParser.h */,
				564FB4A117F1C72E000380F3 /* MBMavenOutputParser.m */,
			);
			path = Parser;
			sourceTree = "<group>";
		};
		568C673A17EB7D630095785D /* MavenService */ = {
			isa = PBXGroup;
			children = (
				568C674117EB7D630095785D /* main.m */,
				568C675217EC6AB60095785D /* Protocols */,
				568C675317EC6AC90095785D /* Task implementation */,
				568C673B17EB7D630095785D /* Supporting Files */,
			);
			path = MavenService;
			sourceTree = "<group>";
		};
		568C673B17EB7D630095785D /* Supporting Files */ = {
			isa = PBXGroup;
			children = (
				5619AEAB1E9E27F00003A224 /* Localizable.strings */,
				568C673C17EB7D630095785D /* MavenService-Info.plist */,
				568C673D17EB7D630095785D /* InfoPlist.strings */,
				568C674017EB7D630095785D /* MavenService-Prefix.pch */,
			);
			name = "Supporting Files";
			sourceTree = "<group>";
		};
		568C675217EC6AB60095785D /* Protocols */ = {
			isa = PBXGroup;
			children = (
				568C674D17EB86280095785D /* MBMavenService.h */,
				568C674E17EB86CB0095785D /* MBMavenServiceCallback.h */,
			);
			name = Protocols;
			sourceTree = "<group>";
		};
		568C675317EC6AC90095785D /* Task implementation */ = {
			isa = PBXGroup;
			children = (
				568C674F17EC688D0095785D /* MBMavenServiceTask.h */,
				568C675017EC688D0095785D /* MBMavenServiceTask.m */,
			);
			name = "Task implementation";
			sourceTree = "<group>";
		};
		56ADBB701E959967003471B4 /* IceCubeSpotlight */ = {
			isa = PBXGroup;
			children = (
				56ADBB741E959967003471B4 /* GetMetadataForFile.m */,
				564E05AA1E96DADE008E4F1C /* MBSpotlightImporter.h */,
				564E05AB1E96DADE008E4F1C /* MBSpotlightImporter.m */,
				56ADBB7A1E959968003471B4 /* Info.plist */,
				56ADBB711E959967003471B4 /* Supporting Files */,
			);
			path = IceCubeSpotlight;
			sourceTree = "<group>";
		};
		56ADBB711E959967003471B4 /* Supporting Files */ = {
			isa = PBXGroup;
			children = (
				56ADBB721E959967003471B4 /* main.c */,
			);
			name = "Supporting Files";
			sourceTree = "<group>";
		};
		56E16B251E92F64B00FEE789 /* IceCubeAction */ = {
			isa = PBXGroup;
			children = (
				56E16B261E92F64B00FEE789 /* IceCubeAction.h */,
				56E16B271E92F64B00FEE789 /* IceCubeAction.m */,
				565332CC1E9F978C009206CC /* Localizable.strings */,
				56E16B291E92F64B00FEE789 /* main.xib */,
				56E16B2C1E92F64B00FEE789 /* Info.plist */,
				56E16B2D1E92F64B00FEE789 /* InfoPlist.strings */,
			);
			path = IceCubeAction;
			sourceTree = "<group>";
		};
		56F1E1E71E9C0CE8009A9541 /* Application */ = {
			isa = PBXGroup;
			children = (
				56FE8E96167BA1A70001AAED /* MBAppDelegate.h */,
				56FE8E97167BA1A70001AAED /* MBAppDelegate.m */,
				56EB935A19D74D3200988FD9 /* MBApplication.h */,
				56EB935B19D74D3200988FD9 /* MBApplication.m */,
				565332C51E9F82FF009206CC /* MBRecoveryAttempter.h */,
				565332C61E9F82FF009206CC /* MBRecoveryAttempter.m */,
			);
			name = Application;
			sourceTree = "<group>";
		};
		56F578E11794A584007E85A8 /* Task runner */ = {
			isa = PBXGroup;
			children = (
				56D21D9C17C0D5880060A823 /* MBTaskRunnerDocument.h */,
				56D21D9D17C0D5880060A823 /* MBTaskRunnerDocument.m */,
				56F578E21794A5B1007E85A8 /* MBTaskRunnerWindowController.h */,
				56F578E31794A5B1007E85A8 /* MBTaskRunnerWindowController.m */,
				56D470FC19D36B4B00B0798A /* MBTaskRunnerDocument.xib */,
			);
			name = "Task runner";
			path = Controllers;
			sourceTree = "<group>";
		};
		56F62FFA17EF2389004DC92E /* Preferences */ = {
			isa = PBXGroup;
			children = (
				56F62FFB17EF23F8004DC92E /* MBPreferencesWindowController.h */,
				56F62FFC17EF23F8004DC92E /* MBPreferencesWindowController.m */,
				56D470FF19D36B5400B0798A /* MBPreferencesWindowController.xib */,
			);
			path = Preferences;
			sourceTree = "<group>";
		};
		56F6300617EF34AA004DC92E /* JavaHomeService */ = {
			isa = PBXGroup;
			children = (
				56F6300D17EF34AA004DC92E /* main.m */,
				560E703D17EF43FE004BC832 /* MBJavaHomeService.h */,
				560E703A17EF4010004BC832 /* MBJavaHomeServiceTask.h */,
				560E703B17EF4010004BC832 /* MBJavaHomeServiceTask.m */,
				56F6300717EF34AA004DC92E /* Supporting Files */,
			);
			path = JavaHomeService;
			sourceTree = "<group>";
		};
		56F6300717EF34AA004DC92E /* Supporting Files */ = {
			isa = PBXGroup;
			children = (
				5619AEB11E9E285B0003A224 /* Localizable.strings */,
				56F6300817EF34AA004DC92E /* JavaHomeService-Info.plist */,
				56F6300917EF34AA004DC92E /* InfoPlist.strings */,
				56F6300C17EF34AA004DC92E /* JavaHomeService-Prefix.pch */,
			);
			name = "Supporting Files";
			sourceTree = "<group>";
		};
		56FE8E75167BA1A70001AAED = {
			isa = PBXGroup;
			children = (
				56FE8E8A167BA1A70001AAED /* IceCube */,
				56FE8EAA167BA1A80001AAED /* IceCubeTests */,
				568C673A17EB7D630095785D /* MavenService */,
				56F6300617EF34AA004DC92E /* JavaHomeService */,
				56E16B251E92F64B00FEE789 /* IceCubeAction */,
				56ADBB701E959967003471B4 /* IceCubeSpotlight */,
				56FE8E83167BA1A70001AAED /* Frameworks */,
				56FE8E81167BA1A70001AAED /* Products */,
				569E8930179DE20A006C5326 /* LICENSE */,
				56AB1B8916E48B3300831747 /* README.md */,
			);
			sourceTree = "<group>";
		};
		56FE8E81167BA1A70001AAED /* Products */ = {
			isa = PBXGroup;
			children = (
				56FE8E80167BA1A70001AAED /* IceCube.app */,
				56FE8EA4167BA1A80001AAED /* IceCubeTests.xctest */,
				568C673717EB7D630095785D /* cz.boucekm.MavenService.xpc */,
				56F6300417EF34AA004DC92E /* cz.boucekm.JavaHomeService.xpc */,
				56E16B241E92F64B00FEE789 /* IceCubeAction.action */,
				56ADBB6F1E959967003471B4 /* IceCubeSpotlight.mdimporter */,
			);
			name = Products;
			sourceTree = "<group>";
		};
		56FE8E83167BA1A70001AAED /* Frameworks */ = {
			isa = PBXGroup;
			children = (
				56FE8E84167BA1A70001AAED /* Cocoa.framework */,
				56AB1B8716E3BFB000831747 /* QuartzCore.framework */,
				568C673817EB7D630095785D /* Foundation.framework */,
				56630A1917ECC067005A2BEC /* XCTest.framework */,
				56FE8E86167BA1A70001AAED /* Other Frameworks */,
			);
			name = Frameworks;
			sourceTree = "<group>";
		};
		56FE8E86167BA1A70001AAED /* Other Frameworks */ = {
			isa = PBXGroup;
			children = (
				56FE8E87167BA1A70001AAED /* AppKit.framework */,
				56FE8E88167BA1A70001AAED /* CoreData.framework */,
				56FE8E89167BA1A70001AAED /* Foundation.framework */,
			);
			name = "Other Frameworks";
			sourceTree = "<group>";
		};
		56FE8E8A167BA1A70001AAED /* IceCube */ = {
			isa = PBXGroup;
			children = (
				56F1E1C61E9961A1009A9541 /* MBErrorDomain.h */,
				56D21D2F17BFC6520060A823 /* Images.xcassets */,
				56FE8E99167BA1A70001AAED /* MainMenu.xib */,
				56F1E1E71E9C0CE8009A9541 /* Application */,
				56F578E11794A584007E85A8 /* Task runner */,
				56F62FFA17EF2389004DC92E /* Preferences */,
				564FB49F17F1C70E000380F3 /* Parser */,
				56FE8E8B167BA1A70001AAED /* Supporting Files */,
			);
			path = IceCube;
			sourceTree = "<group>";
		};
		56FE8E8B167BA1A70001AAED /* Supporting Files */ = {
			isa = PBXGroup;
			children = (
				5619AEA51E9E26EC0003A224 /* Localizable.strings */,
				566C78071E9D2B8A006DD355 /* IceCube.help */,
				56EB935619D74AE500988FD9 /* IceCube.sdef */,
				56FE8E8C167BA1A70001AAED /* IceCube-Info.plist */,
				562738661E9E4A7700075A86 /* InfoPlist.strings */,
				56FE8E90167BA1A70001AAED /* main.m */,
				56FE8E92167BA1A70001AAED /* IceCube-Prefix.pch */,
				56FE8E93167BA1A70001AAED /* Credits.rtf */,
			);
			name = "Supporting Files";
			sourceTree = "<group>";
		};
		56FE8EAA167BA1A80001AAED /* IceCubeTests */ = {
			isa = PBXGroup;
			children = (
				564FB49117F1C62F000380F3 /* MBTestAdditions.h */,
				564FB48F17F1C62F000380F3 /* MBMavenOutputParserTests.m */,
				564FB49E17F1C66C000380F3 /* Utilities */,
				56FE8EAB167BA1A80001AAED /* Supporting Files */,
			);
			path = IceCubeTests;
			sourceTree = "<group>";
		};
		56FE8EAB167BA1A80001AAED /* Supporting Files */ = {
			isa = PBXGroup;
			children = (
				564FB48317F1C62F000380F3 /* build-failure-no-java_home.txt */,
				564FB48417F1C62F000380F3 /* build-failure-no-pom.txt */,
				564FB48517F1C62F000380F3 /* build-failure-no-project.txt */,
				564FB48617F1C62F000380F3 /* build-failure-non-parsable.txt */,
				564FB48717F1C62F000380F3 /* build-failure-unknown-phase.txt */,
				564FB48817F1C62F000380F3 /* build-success-one-module.txt */,
				564FB48917F1C62F000380F3 /* build-success.txt */,
				56FE8EAC167BA1A80001AAED /* IceCubeTests-Info.plist */,
			);
			name = "Supporting Files";
			sourceTree = "<group>";
		};
/* End PBXGroup section */

/* Begin PBXNativeTarget section */
		568C673617EB7D630095785D /* MavenService */ = {
			isa = PBXNativeTarget;
			buildConfigurationList = 568C674317EB7D630095785D /* Build configuration list for PBXNativeTarget "MavenService" */;
			buildPhases = (
				568C673317EB7D630095785D /* Sources */,
				568C673417EB7D630095785D /* Frameworks */,
				568C673517EB7D630095785D /* Resources */,
			);
			buildRules = (
			);
			dependencies = (
			);
			name = MavenService;
			productName = MavenService;
			productReference = 568C673717EB7D630095785D /* cz.boucekm.MavenService.xpc */;
			productType = "com.apple.product-type.bundle";
		};
		56ADBB6E1E959967003471B4 /* IceCubeSpotlight */ = {
			isa = PBXNativeTarget;
			buildConfigurationList = 56ADBB801E959968003471B4 /* Build configuration list for PBXNativeTarget "IceCubeSpotlight" */;
			buildPhases = (
				56ADBB6B1E959967003471B4 /* Sources */,
				56ADBB6C1E959967003471B4 /* Frameworks */,
				56ADBB6D1E959967003471B4 /* Resources */,
			);
			buildRules = (
			);
			dependencies = (
			);
			name = IceCubeSpotlight;
			productName = IceCubeSpotlight;
			productReference = 56ADBB6F1E959967003471B4 /* IceCubeSpotlight.mdimporter */;
			productType = "com.apple.product-type.spotlight-importer";
		};
		56E16B231E92F64B00FEE789 /* IceCubeAction */ = {
			isa = PBXNativeTarget;
			buildConfigurationList = 56E16B321E92F64B00FEE789 /* Build configuration list for PBXNativeTarget "IceCubeAction" */;
			buildPhases = (
				56E16B1F1E92F64B00FEE789 /* Sources */,
				56E16B201E92F64B00FEE789 /* Frameworks */,
				56E16B211E92F64B00FEE789 /* Resources */,
				56E16B221E92F64B00FEE789 /* ShellScript */,
			);
			buildRules = (
			);
			dependencies = (
			);
			name = IceCubeAction;
			productName = IceCubeAction;
			productReference = 56E16B241E92F64B00FEE789 /* IceCubeAction.action */;
			productType = "com.apple.product-type.bundle";
		};
		56F6300317EF34AA004DC92E /* JavaHomeService */ = {
			isa = PBXNativeTarget;
			buildConfigurationList = 56F6300F17EF34AA004DC92E /* Build configuration list for PBXNativeTarget "JavaHomeService" */;
			buildPhases = (
				56F6300017EF34AA004DC92E /* Sources */,
				56F6300117EF34AA004DC92E /* Frameworks */,
				56F6300217EF34AA004DC92E /* Resources */,
			);
			buildRules = (
			);
			dependencies = (
			);
			name = JavaHomeService;
			productName = JavaHomeService;
			productReference = 56F6300417EF34AA004DC92E /* cz.boucekm.JavaHomeService.xpc */;
			productType = "com.apple.product-type.bundle";
		};
		56FE8E7F167BA1A70001AAED /* IceCube */ = {
			isa = PBXNativeTarget;
			buildConfigurationList = 56FE8EB5167BA1A80001AAED /* Build configuration list for PBXNativeTarget "IceCube" */;
			buildPhases = (
				56FE8E7C167BA1A70001AAED /* Sources */,
				56FE8E7D167BA1A70001AAED /* Frameworks */,
				56FE8E7E167BA1A70001AAED /* Resources */,
				568C674617EB7E2A0095785D /* CopyFiles */,
				56E16B351E92F78800FEE789 /* CopyFiles */,
				564E05A81E96CFDD008E4F1C /* CopyFiles */,
			);
			buildRules = (
			);
			dependencies = (
				56E16B341E92F75300FEE789 /* PBXTargetDependency */,
				560E703817EF35AE004BC832 /* PBXTargetDependency */,
				568C674917EB7E750095785D /* PBXTargetDependency */,
				56ADBB7C1E959968003471B4 /* PBXTargetDependency */,
			);
			name = IceCube;
			productName = IceCube;
			productReference = 56FE8E80167BA1A70001AAED /* IceCube.app */;
			productType = "com.apple.product-type.application";
		};
		56FE8EA3167BA1A80001AAED /* IceCubeTests */ = {
			isa = PBXNativeTarget;
			buildConfigurationList = 56FE8EB8167BA1A80001AAED /* Build configuration list for PBXNativeTarget "IceCubeTests" */;
			buildPhases = (
				56FE8E9F167BA1A80001AAED /* Sources */,
				56FE8EA0167BA1A80001AAED /* Frameworks */,
				56FE8EA1167BA1A80001AAED /* Resources */,
			);
			buildRules = (
			);
			dependencies = (
				56FE8EA9167BA1A80001AAED /* PBXTargetDependency */,
				5627938E19573AA1003F0C5B /* PBXTargetDependency */,
			);
			name = IceCubeTests;
			productName = IceCubeTests;
			productReference = 56FE8EA4167BA1A80001AAED /* IceCubeTests.xctest */;
			productType = "com.apple.product-type.bundle.unit-test";
		};
/* End PBXNativeTarget section */

/* Begin PBXProject section */
		56FE8E77167BA1A70001AAED /* Project object */ = {
			isa = PBXProject;
			attributes = {
				CLASSPREFIX = MB;
				LastUpgradeCheck = 0810;
				ORGANIZATIONNAME = "Marian Bouček";
				TargetAttributes = {
					568C673617EB7D630095785D = {
						DevelopmentTeam = 72CQ273HEW;
						ProvisioningStyle = Automatic;
						SystemCapabilities = {
							com.apple.Sandbox = {
								enabled = 0;
							};
						};
					};
					56ADBB6E1E959967003471B4 = {
						CreatedOnToolsVersion = 8.3;
						DevelopmentTeam = 72CQ273HEW;
						ProvisioningStyle = Automatic;
					};
					56E16B231E92F64B00FEE789 = {
						CreatedOnToolsVersion = 8.3;
						DevelopmentTeam = 72CQ273HEW;
						ProvisioningStyle = Automatic;
					};
					56F6300317EF34AA004DC92E = {
						DevelopmentTeam = 72CQ273HEW;
						ProvisioningStyle = Automatic;
					};
					56FE8E7F167BA1A70001AAED = {
						DevelopmentTeam = 72CQ273HEW;
						ProvisioningStyle = Automatic;
						SystemCapabilities = {
							com.apple.Sandbox = {
								enabled = 0;
							};
						};
					};
					56FE8EA3167BA1A80001AAED = {
						ProvisioningStyle = Automatic;
						TestTargetID = 56FE8E7F167BA1A70001AAED;
					};
				};
			};
			buildConfigurationList = 56FE8E7A167BA1A70001AAED /* Build configuration list for PBXProject "IceCube" */;
			compatibilityVersion = "Xcode 3.2";
			developmentRegion = English;
			hasScannedForEncodings = 0;
			knownRegions = (
				en,
				Base,
				cs,
			);
			mainGroup = 56FE8E75167BA1A70001AAED;
			productRefGroup = 56FE8E81167BA1A70001AAED /* Products */;
			projectDirPath = "";
			projectRoot = "";
			targets = (
				56FE8E7F167BA1A70001AAED /* IceCube */,
				56FE8EA3167BA1A80001AAED /* IceCubeTests */,
				568C673617EB7D630095785D /* MavenService */,
				56F6300317EF34AA004DC92E /* JavaHomeService */,
				56E16B231E92F64B00FEE789 /* IceCubeAction */,
				56ADBB6E1E959967003471B4 /* IceCubeSpotlight */,
			);
		};
/* End PBXProject section */

/* Begin PBXResourcesBuildPhase section */
		568C673517EB7D630095785D /* Resources */ = {
			isa = PBXResourcesBuildPhase;
			buildActionMask = 2147483647;
			files = (
				568C673F17EB7D630095785D /* InfoPlist.strings in Resources */,
				5619AEA91E9E27F00003A224 /* Localizable.strings in Resources */,
			);
			runOnlyForDeploymentPostprocessing = 0;
		};
		56ADBB6D1E959967003471B4 /* Resources */ = {
			isa = PBXResourcesBuildPhase;
			buildActionMask = 2147483647;
			files = (
			);
			runOnlyForDeploymentPostprocessing = 0;
		};
		56E16B211E92F64B00FEE789 /* Resources */ = {
			isa = PBXResourcesBuildPhase;
			buildActionMask = 2147483647;
			files = (
				56E16B2B1E92F64B00FEE789 /* main.xib in Resources */,
				565332CA1E9F978C009206CC /* Localizable.strings in Resources */,
				56E16B2F1E92F64B00FEE789 /* InfoPlist.strings in Resources */,
			);
			runOnlyForDeploymentPostprocessing = 0;
		};
		56F6300217EF34AA004DC92E /* Resources */ = {
			isa = PBXResourcesBuildPhase;
			buildActionMask = 2147483647;
			files = (
				56F6300B17EF34AA004DC92E /* InfoPlist.strings in Resources */,
				5619AEAF1E9E285B0003A224 /* Localizable.strings in Resources */,
			);
			runOnlyForDeploymentPostprocessing = 0;
		};
		56FE8E7E167BA1A70001AAED /* Resources */ = {
			isa = PBXResourcesBuildPhase;
			buildActionMask = 2147483647;
			files = (
				566C78081E9D2CD0006DD355 /* IceCube.help in Resources */,
				56D470FD19D36B5400B0798A /* MBPreferencesWindowController.xib in Resources */,
				56D470FA19D36B4B00B0798A /* MBTaskRunnerDocument.xib in Resources */,
				5619AEA31E9E26EC0003A224 /* Localizable.strings in Resources */,
				56FE8E95167BA1A70001AAED /* Credits.rtf in Resources */,
				56EB935819D74AE500988FD9 /* IceCube.sdef in Resources */,
				56D21D3017BFC6520060A823 /* Images.xcassets in Resources */,
				562738641E9E4A7700075A86 /* InfoPlist.strings in Resources */,
				56FE8E9B167BA1A70001AAED /* MainMenu.xib in Resources */,
			);
			runOnlyForDeploymentPostprocessing = 0;
		};
		56FE8EA1167BA1A80001AAED /* Resources */ = {
			isa = PBXResourcesBuildPhase;
			buildActionMask = 2147483647;
			files = (
				564FB49217F1C62F000380F3 /* build-failure-no-java_home.txt in Resources */,
				564FB49417F1C62F000380F3 /* build-failure-no-project.txt in Resources */,
				564FB49317F1C62F000380F3 /* build-failure-no-pom.txt in Resources */,
				564FB49717F1C630000380F3 /* build-success-one-module.txt in Resources */,
				564FB49817F1C630000380F3 /* build-success.txt in Resources */,
				564FB49517F1C62F000380F3 /* build-failure-non-parsable.txt in Resources */,
				564FB49617F1C630000380F3 /* build-failure-unknown-phase.txt in Resources */,
			);
			runOnlyForDeploymentPostprocessing = 0;
		};
/* End PBXResourcesBuildPhase section */

/* Begin PBXShellScriptBuildPhase section */
		56E16B221E92F64B00FEE789 /* ShellScript */ = {
			isa = PBXShellScriptBuildPhase;
			buildActionMask = 2147483647;
			files = (
			);
			inputPaths = (
			);
			outputPaths = (
			);
			runOnlyForDeploymentPostprocessing = 0;
			shellPath = /bin/sh;
			shellScript = "amlint \"${BUILT_PRODUCTS_DIR}/${FULL_PRODUCT_NAME}\"";
		};
/* End PBXShellScriptBuildPhase section */

/* Begin PBXSourcesBuildPhase section */
		568C673317EB7D630095785D /* Sources */ = {
			isa = PBXSourcesBuildPhase;
			buildActionMask = 2147483647;
			files = (
				568C674217EB7D630095785D /* main.m in Sources */,
				568C675117EC688D0095785D /* MBMavenServiceTask.m in Sources */,
			);
			runOnlyForDeploymentPostprocessing = 0;
		};
		56ADBB6B1E959967003471B4 /* Sources */ = {
			isa = PBXSourcesBuildPhase;
			buildActionMask = 2147483647;
			files = (
				564E05AC1E96DADE008E4F1C /* MBSpotlightImporter.m in Sources */,
				56ADBB731E959967003471B4 /* main.c in Sources */,
				56ADBB751E959967003471B4 /* GetMetadataForFile.m in Sources */,
			);
			runOnlyForDeploymentPostprocessing = 0;
		};
		56E16B1F1E92F64B00FEE789 /* Sources */ = {
			isa = PBXSourcesBuildPhase;
			buildActionMask = 2147483647;
			files = (
				56E16B281E92F64B00FEE789 /* IceCubeAction.m in Sources */,
			);
			runOnlyForDeploymentPostprocessing = 0;
		};
		56F6300017EF34AA004DC92E /* Sources */ = {
			isa = PBXSourcesBuildPhase;
			buildActionMask = 2147483647;
			files = (
				560E703C17EF4010004BC832 /* MBJavaHomeServiceTask.m in Sources */,
				56F6300E17EF34AA004DC92E /* main.m in Sources */,
			);
			runOnlyForDeploymentPostprocessing = 0;
		};
		56FE8E7C167BA1A70001AAED /* Sources */ = {
			isa = PBXSourcesBuildPhase;
			buildActionMask = 2147483647;
			files = (
				56D21D9F17C0D5880060A823 /* MBTaskRunnerDocument.m in Sources */,
				56FE8E91167BA1A70001AAED /* main.m in Sources */,
				565332C71E9F82FF009206CC /* MBRecoveryAttempter.m in Sources */,
				56FE8E98167BA1A70001AAED /* MBAppDelegate.m in Sources */,
				56F578E41794A5B1007E85A8 /* MBTaskRunnerWindowController.m in Sources */,
				564FB4A217F1C72E000380F3 /* MBMavenOutputParser.m in Sources */,
				56EB935C19D74D3200988FD9 /* MBApplication.m in Sources */,
				56F62FFE17EF23F8004DC92E /* MBPreferencesWindowController.m in Sources */,
			);
			runOnlyForDeploymentPostprocessing = 0;
		};
		56FE8E9F167BA1A80001AAED /* Sources */ = {
			isa = PBXSourcesBuildPhase;
			buildActionMask = 2147483647;
			files = (
				564FB49A17F1C630000380F3 /* MBMavenOutputParserTestObserver.m in Sources */,
				564FB49B17F1C630000380F3 /* MBMavenOutputParserTests.m in Sources */,
				564FB49917F1C630000380F3 /* DDFileReader.m in Sources */,
			);
			runOnlyForDeploymentPostprocessing = 0;
		};
/* End PBXSourcesBuildPhase section */

/* Begin PBXTargetDependency section */
		560E703817EF35AE004BC832 /* PBXTargetDependency */ = {
			isa = PBXTargetDependency;
			target = 56F6300317EF34AA004DC92E /* JavaHomeService */;
			targetProxy = 560E703717EF35AE004BC832 /* PBXContainerItemProxy */;
		};
		5627938E19573AA1003F0C5B /* PBXTargetDependency */ = {
			isa = PBXTargetDependency;
			target = 56FE8E7F167BA1A70001AAED /* IceCube */;
			targetProxy = 5627938D19573AA1003F0C5B /* PBXContainerItemProxy */;
		};
		568C674917EB7E750095785D /* PBXTargetDependency */ = {
			isa = PBXTargetDependency;
			target = 568C673617EB7D630095785D /* MavenService */;
			targetProxy = 568C674817EB7E750095785D /* PBXContainerItemProxy */;
		};
		56ADBB7C1E959968003471B4 /* PBXTargetDependency */ = {
			isa = PBXTargetDependency;
			target = 56ADBB6E1E959967003471B4 /* IceCubeSpotlight */;
			targetProxy = 56ADBB7B1E959968003471B4 /* PBXContainerItemProxy */;
		};
		56E16B341E92F75300FEE789 /* PBXTargetDependency */ = {
			isa = PBXTargetDependency;
			target = 56E16B231E92F64B00FEE789 /* IceCubeAction */;
			targetProxy = 56E16B331E92F75300FEE789 /* PBXContainerItemProxy */;
		};
		56FE8EA9167BA1A80001AAED /* PBXTargetDependency */ = {
			isa = PBXTargetDependency;
			target = 56FE8E7F167BA1A70001AAED /* IceCube */;
			targetProxy = 56FE8EA8167BA1A80001AAED /* PBXContainerItemProxy */;
		};
/* End PBXTargetDependency section */

/* Begin PBXVariantGroup section */
		5619AEA51E9E26EC0003A224 /* Localizable.strings */ = {
			isa = PBXVariantGroup;
			children = (
				5619AEA41E9E26EC0003A224 /* en */,
				5619AEA61E9E26F40003A224 /* cs */,
			);
			name = Localizable.strings;
			sourceTree = "<group>";
		};
		5619AEAB1E9E27F00003A224 /* Localizable.strings */ = {
			isa = PBXVariantGroup;
			children = (
				5619AEAA1E9E27F00003A224 /* en */,
				5619AEAC1E9E27F30003A224 /* cs */,
			);
			name = Localizable.strings;
			sourceTree = "<group>";
		};
		5619AEB11E9E285B0003A224 /* Localizable.strings */ = {
			isa = PBXVariantGroup;
			children = (
				5619AEB01E9E285B0003A224 /* en */,
				5619AEB21E9E285E0003A224 /* cs */,
			);
			name = Localizable.strings;
			sourceTree = "<group>";
		};
		562738661E9E4A7700075A86 /* InfoPlist.strings */ = {
			isa = PBXVariantGroup;
			children = (
				562738671E9E4A7A00075A86 /* cs */,
				562738681E9E4B3D00075A86 /* en */,
			);
			name = InfoPlist.strings;
			sourceTree = "<group>";
		};
		565332CC1E9F978C009206CC /* Localizable.strings */ = {
			isa = PBXVariantGroup;
			children = (
				565332CB1E9F978C009206CC /* en */,
				565332CD1E9F978E009206CC /* cs */,
			);
			name = Localizable.strings;
			sourceTree = "<group>";
		};
		568C673D17EB7D630095785D /* InfoPlist.strings */ = {
			isa = PBXVariantGroup;
			children = (
				568C673E17EB7D630095785D /* en */,
			);
			name = InfoPlist.strings;
			sourceTree = "<group>";
		};
		56D470FC19D36B4B00B0798A /* MBTaskRunnerDocument.xib */ = {
			isa = PBXVariantGroup;
			children = (
				56D4710019D36CB600B0798A /* Base */,
				5619AEBA1E9E3B020003A224 /* cs */,
			);
			name = MBTaskRunnerDocument.xib;
			path = ..;
			sourceTree = "<group>";
		};
		56D470FF19D36B5400B0798A /* MBPreferencesWindowController.xib */ = {
			isa = PBXVariantGroup;
			children = (
				56D4710119D36CB600B0798A /* Base */,
				5619AEB81E9E34F30003A224 /* cs */,
			);
			name = MBPreferencesWindowController.xib;
			sourceTree = "<group>";
		};
		56E16B291E92F64B00FEE789 /* main.xib */ = {
			isa = PBXVariantGroup;
			children = (
				56E16B2A1E92F64B00FEE789 /* Base */,
				565332D31E9FA2B6009206CC /* cs */,
			);
			name = main.xib;
			sourceTree = "<group>";
		};
		56E16B2D1E92F64B00FEE789 /* InfoPlist.strings */ = {
			isa = PBXVariantGroup;
			children = (
				565332CE1E9F9C5A009206CC /* cs */,
				565332CF1E9FA050009206CC /* en */,
			);
			name = InfoPlist.strings;
			sourceTree = "<group>";
		};
		56F6300917EF34AA004DC92E /* InfoPlist.strings */ = {
			isa = PBXVariantGroup;
			children = (
				56F6300A17EF34AA004DC92E /* en */,
			);
			name = InfoPlist.strings;
			sourceTree = "<group>";
		};
		56FE8E93167BA1A70001AAED /* Credits.rtf */ = {
			isa = PBXVariantGroup;
			children = (
				56FE8E94167BA1A70001AAED /* en */,
				56D4710519D36CF400B0798A /* cs */,
			);
			name = Credits.rtf;
			sourceTree = "<group>";
		};
		56FE8E99167BA1A70001AAED /* MainMenu.xib */ = {
			isa = PBXVariantGroup;
			children = (
				5619AEBC1E9E3C0D0003A224 /* cs */,
				5619AEBD1E9E3CCF0003A224 /* Base */,
			);
			name = MainMenu.xib;
			sourceTree = "<group>";
		};
/* End PBXVariantGroup section */

/* Begin XCBuildConfiguration section */
		568C674417EB7D630095785D /* Debug */ = {
			isa = XCBuildConfiguration;
			buildSettings = {
				CLANG_WARN_BOOL_CONVERSION = YES;
				CLANG_WARN_CONSTANT_CONVERSION = YES;
				CLANG_WARN_DIRECT_OBJC_ISA_USAGE = YES_ERROR;
				CLANG_WARN_ENUM_CONVERSION = YES;
				CLANG_WARN_INT_CONVERSION = YES;
				CLANG_WARN_OBJC_ROOT_CLASS = YES_ERROR;
				CODE_SIGN_IDENTITY = "Mac Developer";
				COMBINE_HIDPI_IMAGES = YES;
				DEVELOPMENT_TEAM = 72CQ273HEW;
				GCC_PRECOMPILE_PREFIX_HEADER = YES;
				GCC_PREFIX_HEADER = "MavenService/MavenService-Prefix.pch";
				GCC_PREPROCESSOR_DEFINITIONS = (
					"DEBUG=1",
					"$(inherited)",
				);
				GCC_WARN_ABOUT_RETURN_TYPE = YES_ERROR;
				GCC_WARN_UNDECLARED_SELECTOR = YES;
				GCC_WARN_UNUSED_FUNCTION = YES;
				INFOPLIST_FILE = "MavenService/MavenService-Info.plist";
				MACH_O_TYPE = mh_execute;
				MACOSX_DEPLOYMENT_TARGET = "";
				PRODUCT_BUNDLE_IDENTIFIER = "${PRODUCT_NAME}";
				PRODUCT_NAME = "cz.boucekm.$(TARGET_NAME:rfc1034identifier)";
				PROVISIONING_PROFILE = "";
				WRAPPER_EXTENSION = xpc;
			};
			name = Debug;
		};
		568C674517EB7D630095785D /* Release */ = {
			isa = XCBuildConfiguration;
			buildSettings = {
				CLANG_WARN_BOOL_CONVERSION = YES;
				CLANG_WARN_CONSTANT_CONVERSION = YES;
				CLANG_WARN_DIRECT_OBJC_ISA_USAGE = YES_ERROR;
				CLANG_WARN_ENUM_CONVERSION = YES;
				CLANG_WARN_INT_CONVERSION = YES;
				CLANG_WARN_OBJC_ROOT_CLASS = YES_ERROR;
				CODE_SIGN_IDENTITY = "Mac Developer";
				COMBINE_HIDPI_IMAGES = YES;
				COPY_PHASE_STRIP = NO;
				DEVELOPMENT_TEAM = 72CQ273HEW;
				ENABLE_NS_ASSERTIONS = NO;
				GCC_PRECOMPILE_PREFIX_HEADER = YES;
				GCC_PREFIX_HEADER = "MavenService/MavenService-Prefix.pch";
				GCC_WARN_ABOUT_RETURN_TYPE = YES_ERROR;
				GCC_WARN_UNDECLARED_SELECTOR = YES;
				GCC_WARN_UNUSED_FUNCTION = YES;
				INFOPLIST_FILE = "MavenService/MavenService-Info.plist";
				MACH_O_TYPE = mh_execute;
				MACOSX_DEPLOYMENT_TARGET = "";
				PRODUCT_BUNDLE_IDENTIFIER = "${PRODUCT_NAME}";
				PRODUCT_NAME = "cz.boucekm.$(TARGET_NAME:rfc1034identifier)";
				PROVISIONING_PROFILE = "";
				WRAPPER_EXTENSION = xpc;
			};
			name = Release;
		};
		56ADBB7E1E959968003471B4 /* Debug */ = {
			isa = XCBuildConfiguration;
			buildSettings = {
				ALWAYS_SEARCH_USER_PATHS = YES;
				CLANG_ANALYZER_NONNULL = YES;
				CLANG_ANALYZER_NUMBER_OBJECT_CONVERSION = YES_AGGRESSIVE;
				CLANG_WARN_BOOL_CONVERSION = YES;
				CLANG_WARN_CONSTANT_CONVERSION = YES;
				CLANG_WARN_DIRECT_OBJC_ISA_USAGE = YES_ERROR;
				CLANG_WARN_ENUM_CONVERSION = YES;
				CLANG_WARN_INT_CONVERSION = YES;
				CLANG_WARN_OBJC_ROOT_CLASS = YES_ERROR;
				CODE_SIGN_IDENTITY = "Mac Developer";
				COMBINE_HIDPI_IMAGES = YES;
				DEBUG_INFORMATION_FORMAT = dwarf;
				DEVELOPMENT_TEAM = 72CQ273HEW;
				GCC_WARN_ABOUT_RETURN_TYPE = YES_ERROR;
				GCC_WARN_UNINITIALIZED_AUTOS = YES_AGGRESSIVE;
				INFOPLIST_FILE = IceCubeSpotlight/Info.plist;
				INSTALL_PATH = "@executable_path/../Contents/Library/Spotlight";
				LIBRARY_STYLE = BUNDLE;
				MACOSX_DEPLOYMENT_TARGET = 10.12;
				MTL_ENABLE_DEBUG_INFO = YES;
				PRODUCT_BUNDLE_IDENTIFIER = cz.boucekm.IceCubeSpotlight;
				PRODUCT_NAME = "$(TARGET_NAME)";
				SKIP_INSTALL = YES;
				WRAPPER_EXTENSION = mdimporter;
			};
			name = Debug;
		};
		56ADBB7F1E959968003471B4 /* Release */ = {
			isa = XCBuildConfiguration;
			buildSettings = {
				ALWAYS_SEARCH_USER_PATHS = YES;
				CLANG_ANALYZER_NONNULL = YES;
				CLANG_ANALYZER_NUMBER_OBJECT_CONVERSION = YES_AGGRESSIVE;
				CLANG_WARN_BOOL_CONVERSION = YES;
				CLANG_WARN_CONSTANT_CONVERSION = YES;
				CLANG_WARN_DIRECT_OBJC_ISA_USAGE = YES_ERROR;
				CLANG_WARN_ENUM_CONVERSION = YES;
				CLANG_WARN_INT_CONVERSION = YES;
				CLANG_WARN_OBJC_ROOT_CLASS = YES_ERROR;
				CODE_SIGN_IDENTITY = "Mac Developer";
				COMBINE_HIDPI_IMAGES = YES;
				COPY_PHASE_STRIP = NO;
				DEVELOPMENT_TEAM = 72CQ273HEW;
				ENABLE_NS_ASSERTIONS = NO;
				GCC_WARN_ABOUT_RETURN_TYPE = YES_ERROR;
				GCC_WARN_UNINITIALIZED_AUTOS = YES_AGGRESSIVE;
				INFOPLIST_FILE = IceCubeSpotlight/Info.plist;
				INSTALL_PATH = "@executable_path/../Contents/Library/Spotlight";
				LIBRARY_STYLE = BUNDLE;
				MACOSX_DEPLOYMENT_TARGET = 10.12;
				MTL_ENABLE_DEBUG_INFO = NO;
				PRODUCT_BUNDLE_IDENTIFIER = cz.boucekm.IceCubeSpotlight;
				PRODUCT_NAME = "$(TARGET_NAME)";
				SKIP_INSTALL = YES;
				WRAPPER_EXTENSION = mdimporter;
			};
			name = Release;
		};
		56E16B301E92F64B00FEE789 /* Debug */ = {
			isa = XCBuildConfiguration;
			buildSettings = {
				CLANG_ANALYZER_NONNULL = YES;
				CLANG_ANALYZER_NUMBER_OBJECT_CONVERSION = YES_AGGRESSIVE;
				CLANG_WARN_BOOL_CONVERSION = YES;
				CLANG_WARN_CONSTANT_CONVERSION = YES;
				CLANG_WARN_DIRECT_OBJC_ISA_USAGE = YES_ERROR;
				CLANG_WARN_ENUM_CONVERSION = YES;
				CLANG_WARN_INT_CONVERSION = YES;
				CLANG_WARN_OBJC_ROOT_CLASS = YES_ERROR;
				CODE_SIGN_IDENTITY = "Mac Developer";
				COMBINE_HIDPI_IMAGES = YES;
				DEBUG_INFORMATION_FORMAT = dwarf;
				DEVELOPMENT_TEAM = "";
				GCC_WARN_ABOUT_RETURN_TYPE = YES_ERROR;
				GCC_WARN_UNINITIALIZED_AUTOS = YES_AGGRESSIVE;
				INFOPLIST_FILE = IceCubeAction/Info.plist;
				INSTALL_PATH = "$(HOME)/Library/Automator";
				MACOSX_DEPLOYMENT_TARGET = 10.12;
				MTL_ENABLE_DEBUG_INFO = YES;
				OTHER_OSAFLAGS = "-x -t 0 -c 0";
				PRODUCT_BUNDLE_IDENTIFIER = cz.boucekm.IceCubeAction;
				PRODUCT_NAME = "$(TARGET_NAME)";
				PROVISIONING_PROFILE_SPECIFIER = "";
				WRAPPER_EXTENSION = action;
			};
			name = Debug;
		};
		56E16B311E92F64B00FEE789 /* Release */ = {
			isa = XCBuildConfiguration;
			buildSettings = {
				CLANG_ANALYZER_NONNULL = YES;
				CLANG_ANALYZER_NUMBER_OBJECT_CONVERSION = YES_AGGRESSIVE;
				CLANG_WARN_BOOL_CONVERSION = YES;
				CLANG_WARN_CONSTANT_CONVERSION = YES;
				CLANG_WARN_DIRECT_OBJC_ISA_USAGE = YES_ERROR;
				CLANG_WARN_ENUM_CONVERSION = YES;
				CLANG_WARN_INT_CONVERSION = YES;
				CLANG_WARN_OBJC_ROOT_CLASS = YES_ERROR;
				CODE_SIGN_IDENTITY = "Mac Developer";
				COMBINE_HIDPI_IMAGES = YES;
				COPY_PHASE_STRIP = NO;
				DEVELOPMENT_TEAM = "";
				ENABLE_NS_ASSERTIONS = NO;
				GCC_WARN_ABOUT_RETURN_TYPE = YES_ERROR;
				GCC_WARN_UNINITIALIZED_AUTOS = YES_AGGRESSIVE;
				INFOPLIST_FILE = IceCubeAction/Info.plist;
				INSTALL_PATH = "$(HOME)/Library/Automator";
				MACOSX_DEPLOYMENT_TARGET = 10.12;
				MTL_ENABLE_DEBUG_INFO = NO;
				OTHER_OSAFLAGS = "-x -t 0 -c 0";
				PRODUCT_BUNDLE_IDENTIFIER = cz.boucekm.IceCubeAction;
				PRODUCT_NAME = "$(TARGET_NAME)";
				PROVISIONING_PROFILE_SPECIFIER = "";
				WRAPPER_EXTENSION = action;
			};
			name = Release;
		};
		56F6301017EF34AA004DC92E /* Debug */ = {
			isa = XCBuildConfiguration;
			buildSettings = {
				CLANG_WARN_BOOL_CONVERSION = YES;
				CLANG_WARN_CONSTANT_CONVERSION = YES;
				CLANG_WARN_DIRECT_OBJC_ISA_USAGE = YES_ERROR;
				CLANG_WARN_ENUM_CONVERSION = YES;
				CLANG_WARN_INT_CONVERSION = YES;
				CLANG_WARN_OBJC_ROOT_CLASS = YES_ERROR;
				CODE_SIGN_IDENTITY = "Mac Developer";
				COMBINE_HIDPI_IMAGES = YES;
				DEVELOPMENT_TEAM = 72CQ273HEW;
				GCC_PRECOMPILE_PREFIX_HEADER = YES;
				GCC_PREFIX_HEADER = "JavaHomeService/JavaHomeService-Prefix.pch";
				GCC_PREPROCESSOR_DEFINITIONS = (
					"DEBUG=1",
					"$(inherited)",
				);
				GCC_WARN_ABOUT_RETURN_TYPE = YES_ERROR;
				GCC_WARN_UNDECLARED_SELECTOR = YES;
				INFOPLIST_FILE = "JavaHomeService/JavaHomeService-Info.plist";
				MACH_O_TYPE = mh_execute;
				MACOSX_DEPLOYMENT_TARGET = "";
				PRODUCT_BUNDLE_IDENTIFIER = "${PRODUCT_NAME}";
				PRODUCT_NAME = "cz.boucekm.$(TARGET_NAME:rfc1034identifier)";
				WRAPPER_EXTENSION = xpc;
			};
			name = Debug;
		};
		56F6301117EF34AA004DC92E /* Release */ = {
			isa = XCBuildConfiguration;
			buildSettings = {
				CLANG_WARN_BOOL_CONVERSION = YES;
				CLANG_WARN_CONSTANT_CONVERSION = YES;
				CLANG_WARN_DIRECT_OBJC_ISA_USAGE = YES_ERROR;
				CLANG_WARN_ENUM_CONVERSION = YES;
				CLANG_WARN_INT_CONVERSION = YES;
				CLANG_WARN_OBJC_ROOT_CLASS = YES_ERROR;
				CODE_SIGN_IDENTITY = "Mac Developer";
				COMBINE_HIDPI_IMAGES = YES;
				COPY_PHASE_STRIP = NO;
				DEVELOPMENT_TEAM = 72CQ273HEW;
				ENABLE_NS_ASSERTIONS = NO;
				GCC_PRECOMPILE_PREFIX_HEADER = YES;
				GCC_PREFIX_HEADER = "JavaHomeService/JavaHomeService-Prefix.pch";
				GCC_WARN_ABOUT_RETURN_TYPE = YES_ERROR;
				GCC_WARN_UNDECLARED_SELECTOR = YES;
				INFOPLIST_FILE = "JavaHomeService/JavaHomeService-Info.plist";
				MACH_O_TYPE = mh_execute;
				MACOSX_DEPLOYMENT_TARGET = "";
				PRODUCT_BUNDLE_IDENTIFIER = "${PRODUCT_NAME}";
				PRODUCT_NAME = "cz.boucekm.$(TARGET_NAME:rfc1034identifier)";
				WRAPPER_EXTENSION = xpc;
			};
			name = Release;
		};
		56FE8EB3167BA1A80001AAED /* Debug */ = {
			isa = XCBuildConfiguration;
			buildSettings = {
				ALWAYS_SEARCH_USER_PATHS = NO;
				CLANG_ANALYZER_LOCALIZABILITY_NONLOCALIZED = YES;
				CLANG_CXX_LANGUAGE_STANDARD = "gnu++0x";
				CLANG_CXX_LIBRARY = "libc++";
				CLANG_ENABLE_MODULES = YES;
				CLANG_ENABLE_OBJC_ARC = YES;
				CLANG_WARN_DEPRECATED_OBJC_IMPLEMENTATIONS = YES;
				CLANG_WARN_DOCUMENTATION_COMMENTS = YES;
				CLANG_WARN_EMPTY_BODY = YES;
				CLANG_WARN_INFINITE_RECURSION = YES;
				CLANG_WARN_OBJC_EXPLICIT_OWNERSHIP_TYPE = YES;
				CLANG_WARN_OBJC_IMPLICIT_RETAIN_SELF = YES;
				CLANG_WARN_OBJC_MISSING_PROPERTY_SYNTHESIS = NO;
				CLANG_WARN_OBJC_RECEIVER_WEAK = YES;
				CLANG_WARN_OBJC_REPEATED_USE_OF_WEAK = YES;
				CLANG_WARN_SUSPICIOUS_IMPLICIT_CONVERSION = YES;
				CLANG_WARN_SUSPICIOUS_MOVE = YES;
				CLANG_WARN_UNREACHABLE_CODE = YES;
				CLANG_WARN__DUPLICATE_METHOD_MATCH = YES;
				COPY_PHASE_STRIP = NO;
				ENABLE_STRICT_OBJC_MSGSEND = YES;
				ENABLE_TESTABILITY = YES;
				GCC_C_LANGUAGE_STANDARD = gnu99;
				GCC_DYNAMIC_NO_PIC = NO;
				GCC_ENABLE_OBJC_EXCEPTIONS = YES;
				GCC_NO_COMMON_BLOCKS = YES;
				GCC_OPTIMIZATION_LEVEL = 0;
				GCC_PREPROCESSOR_DEFINITIONS = (
					"DEBUG=1",
					"$(inherited)",
				);
				GCC_SYMBOLS_PRIVATE_EXTERN = NO;
				GCC_WARN_64_TO_32_BIT_CONVERSION = YES;
				GCC_WARN_ABOUT_MISSING_NEWLINE = YES;
				GCC_WARN_ABOUT_RETURN_TYPE = YES;
				GCC_WARN_MULTIPLE_DEFINITION_TYPES_FOR_SELECTOR = YES;
				GCC_WARN_SHADOW = YES;
				GCC_WARN_UNDECLARED_SELECTOR = YES;
				GCC_WARN_UNINITIALIZED_AUTOS = YES;
				GCC_WARN_UNKNOWN_PRAGMAS = YES;
				GCC_WARN_UNUSED_FUNCTION = YES;
				GCC_WARN_UNUSED_LABEL = YES;
				GCC_WARN_UNUSED_VARIABLE = YES;
				MACOSX_DEPLOYMENT_TARGET = "";
				ONLY_ACTIVE_ARCH = YES;
				SDKROOT = macosx;
			};
			name = Debug;
		};
		56FE8EB4167BA1A80001AAED /* Release */ = {
			isa = XCBuildConfiguration;
			buildSettings = {
				ALWAYS_SEARCH_USER_PATHS = NO;
				CLANG_ANALYZER_LOCALIZABILITY_NONLOCALIZED = YES;
				CLANG_CXX_LANGUAGE_STANDARD = "gnu++0x";
				CLANG_CXX_LIBRARY = "libc++";
				CLANG_ENABLE_MODULES = YES;
				CLANG_ENABLE_OBJC_ARC = YES;
				CLANG_WARN_DEPRECATED_OBJC_IMPLEMENTATIONS = YES;
				CLANG_WARN_DOCUMENTATION_COMMENTS = YES;
				CLANG_WARN_EMPTY_BODY = YES;
				CLANG_WARN_INFINITE_RECURSION = YES;
				CLANG_WARN_OBJC_EXPLICIT_OWNERSHIP_TYPE = YES;
				CLANG_WARN_OBJC_IMPLICIT_RETAIN_SELF = YES;
				CLANG_WARN_OBJC_MISSING_PROPERTY_SYNTHESIS = NO;
				CLANG_WARN_OBJC_RECEIVER_WEAK = YES;
				CLANG_WARN_OBJC_REPEATED_USE_OF_WEAK = YES;
				CLANG_WARN_SUSPICIOUS_IMPLICIT_CONVERSION = YES;
				CLANG_WARN_SUSPICIOUS_MOVE = YES;
				CLANG_WARN_UNREACHABLE_CODE = YES;
				CLANG_WARN__DUPLICATE_METHOD_MATCH = YES;
				COPY_PHASE_STRIP = YES;
				DEBUG_INFORMATION_FORMAT = "dwarf-with-dsym";
				ENABLE_STRICT_OBJC_MSGSEND = YES;
				GCC_C_LANGUAGE_STANDARD = gnu99;
				GCC_ENABLE_OBJC_EXCEPTIONS = YES;
				GCC_NO_COMMON_BLOCKS = YES;
				GCC_WARN_64_TO_32_BIT_CONVERSION = YES;
				GCC_WARN_ABOUT_MISSING_NEWLINE = YES;
				GCC_WARN_ABOUT_RETURN_TYPE = YES;
				GCC_WARN_MULTIPLE_DEFINITION_TYPES_FOR_SELECTOR = YES;
				GCC_WARN_SHADOW = YES;
				GCC_WARN_UNDECLARED_SELECTOR = YES;
				GCC_WARN_UNINITIALIZED_AUTOS = YES;
				GCC_WARN_UNKNOWN_PRAGMAS = YES;
				GCC_WARN_UNUSED_FUNCTION = YES;
				GCC_WARN_UNUSED_LABEL = YES;
				GCC_WARN_UNUSED_VARIABLE = YES;
				MACOSX_DEPLOYMENT_TARGET = "";
				SDKROOT = macosx;
			};
			name = Release;
		};
		56FE8EB6167BA1A80001AAED /* Debug */ = {
			isa = XCBuildConfiguration;
			buildSettings = {
				ASSETCATALOG_COMPILER_APPICON_NAME = AppIcon;
				CLANG_ENABLE_MODULES = YES;
				CODE_SIGN_ENTITLEMENTS = "";
				CODE_SIGN_IDENTITY = "Mac Developer";
				COMBINE_HIDPI_IMAGES = YES;
				COPY_PHASE_STRIP = NO;
				DEVELOPMENT_TEAM = 72CQ273HEW;
				GCC_PRECOMPILE_PREFIX_HEADER = YES;
				GCC_PREFIX_HEADER = "IceCube/IceCube-Prefix.pch";
				INFOPLIST_FILE = "IceCube/IceCube-Info.plist";
				MACOSX_DEPLOYMENT_TARGET = 10.12;
				PRODUCT_BUNDLE_IDENTIFIER = "cz.boucekm.${PRODUCT_NAME:rfc1034identifier}";
				PRODUCT_NAME = "$(TARGET_NAME)";
				WRAPPER_EXTENSION = app;
			};
			name = Debug;
		};
		56FE8EB7167BA1A80001AAED /* Release */ = {
			isa = XCBuildConfiguration;
			buildSettings = {
				ASSETCATALOG_COMPILER_APPICON_NAME = AppIcon;
				CLANG_ENABLE_MODULES = YES;
				CODE_SIGN_ENTITLEMENTS = "";
				CODE_SIGN_IDENTITY = "Mac Developer";
				COMBINE_HIDPI_IMAGES = YES;
				COPY_PHASE_STRIP = NO;
				DEVELOPMENT_TEAM = 72CQ273HEW;
				ENABLE_NS_ASSERTIONS = NO;
				GCC_PRECOMPILE_PREFIX_HEADER = YES;
				GCC_PREFIX_HEADER = "IceCube/IceCube-Prefix.pch";
				INFOPLIST_FILE = "IceCube/IceCube-Info.plist";
				MACOSX_DEPLOYMENT_TARGET = 10.12;
				PRODUCT_BUNDLE_IDENTIFIER = "cz.boucekm.${PRODUCT_NAME:rfc1034identifier}";
				PRODUCT_NAME = "$(TARGET_NAME)";
				WRAPPER_EXTENSION = app;
			};
			name = Release;
		};
		56FE8EB9167BA1A80001AAED /* Debug */ = {
			isa = XCBuildConfiguration;
			buildSettings = {
				BUNDLE_LOADER = "$(BUILT_PRODUCTS_DIR)/IceCube.app/Contents/MacOS/IceCube";
				CODE_SIGN_IDENTITY = "Mac Developer";
				COMBINE_HIDPI_IMAGES = YES;
				GCC_PRECOMPILE_PREFIX_HEADER = YES;
				GCC_PREFIX_HEADER = "IceCube/IceCube-Prefix.pch";
				INFOPLIST_FILE = "IceCubeTests/IceCubeTests-Info.plist";
				MACOSX_DEPLOYMENT_TARGET = "";
				PRODUCT_BUNDLE_IDENTIFIER = "cz.boucekm.${PRODUCT_NAME:rfc1034identifier}";
				PRODUCT_NAME = "$(TARGET_NAME)";
				TEST_HOST = "$(BUNDLE_LOADER)";
			};
			name = Debug;
		};
		56FE8EBA167BA1A80001AAED /* Release */ = {
			isa = XCBuildConfiguration;
			buildSettings = {
				BUNDLE_LOADER = "$(BUILT_PRODUCTS_DIR)/IceCube.app/Contents/MacOS/IceCube";
				CODE_SIGN_IDENTITY = "Mac Developer";
				COMBINE_HIDPI_IMAGES = YES;
				GCC_PRECOMPILE_PREFIX_HEADER = YES;
				GCC_PREFIX_HEADER = "IceCube/IceCube-Prefix.pch";
				INFOPLIST_FILE = "IceCubeTests/IceCubeTests-Info.plist";
				MACOSX_DEPLOYMENT_TARGET = "";
				PRODUCT_BUNDLE_IDENTIFIER = "cz.boucekm.${PRODUCT_NAME:rfc1034identifier}";
				PRODUCT_NAME = "$(TARGET_NAME)";
				TEST_HOST = "$(BUNDLE_LOADER)";
			};
			name = Release;
		};
/* End XCBuildConfiguration section */

/* Begin XCConfigurationList section */
		568C674317EB7D630095785D /* Build configuration list for PBXNativeTarget "MavenService" */ = {
			isa = XCConfigurationList;
			buildConfigurations = (
				568C674417EB7D630095785D /* Debug */,
				568C674517EB7D630095785D /* Release */,
			);
			defaultConfigurationIsVisible = 0;
			defaultConfigurationName = Release;
		};
		56ADBB801E959968003471B4 /* Build configuration list for PBXNativeTarget "IceCubeSpotlight" */ = {
			isa = XCConfigurationList;
			buildConfigurations = (
				56ADBB7E1E959968003471B4 /* Debug */,
				56ADBB7F1E959968003471B4 /* Release */,
			);
			defaultConfigurationIsVisible = 0;
			defaultConfigurationName = Release;
		};
		56E16B321E92F64B00FEE789 /* Build configuration list for PBXNativeTarget "IceCubeAction" */ = {
			isa = XCConfigurationList;
			buildConfigurations = (
				56E16B301E92F64B00FEE789 /* Debug */,
				56E16B311E92F64B00FEE789 /* Release */,
			);
			defaultConfigurationIsVisible = 0;
			defaultConfigurationName = Release;
		};
		56F6300F17EF34AA004DC92E /* Build configuration list for PBXNativeTarget "JavaHomeService" */ = {
			isa = XCConfigurationList;
			buildConfigurations = (
				56F6301017EF34AA004DC92E /* Debug */,
				56F6301117EF34AA004DC92E /* Release */,
			);
			defaultConfigurationIsVisible = 0;
			defaultConfigurationName = Release;
		};
		56FE8E7A167BA1A70001AAED /* Build configuration list for PBXProject "IceCube" */ = {
			isa = XCConfigurationList;
			buildConfigurations = (
				56FE8EB3167BA1A80001AAED /* Debug */,
				56FE8EB4167BA1A80001AAED /* Release */,
			);
			defaultConfigurationIsVisible = 0;
			defaultConfigurationName = Release;
		};
		56FE8EB5167BA1A80001AAED /* Build configuration list for PBXNativeTarget "IceCube" */ = {
			isa = XCConfigurationList;
			buildConfigurations = (
				56FE8EB6167BA1A80001AAED /* Debug */,
				56FE8EB7167BA1A80001AAED /* Release */,
			);
			defaultConfigurationIsVisible = 0;
			defaultConfigurationName = Release;
		};
		56FE8EB8167BA1A80001AAED /* Build configuration list for PBXNativeTarget "IceCubeTests" */ = {
			isa = XCConfigurationList;
			buildConfigurations = (
				56FE8EB9167BA1A80001AAED /* Debug */,
				56FE8EBA167BA1A80001AAED /* Release */,
			);
			defaultConfigurationIsVisible = 0;
			defaultConfigurationName = Release;
		};
/* End XCConfigurationList section */
	};
	rootObject = 56FE8E77167BA1A70001AAED /* Project object */;
}
